PODS:
  - Bolts (1.8.4):
    - Bolts/AppLinks (= 1.8.4)
    - Bolts/Tasks (= 1.8.4)
  - Bolts/AppLinks (1.8.4):
    - Bolts/Tasks
  - Bolts/Tasks (1.8.4)
  - BoringSSL (9.0):
    - BoringSSL/Implementation (= 9.0)
    - BoringSSL/Interface (= 9.0)
  - BoringSSL/Implementation (9.0):
    - BoringSSL/Interface (= 9.0)
  - BoringSSL/Interface (9.0)
  - CocoaLumberjack (3.2.1):
    - CocoaLumberjack/Default (= 3.2.1)
    - CocoaLumberjack/Extensions (= 3.2.1)
  - CocoaLumberjack/Default (3.2.1)
  - CocoaLumberjack/Extensions (3.2.1):
    - CocoaLumberjack/Default
  - DateToolsSwift (2.0.3)
  - FBSDKCoreKit (4.27.1):
    - Bolts (~> 1.7)
  - FBSDKLoginKit (4.27.1):
    - FBSDKCoreKit
  - Firebase/Auth (4.3.0):
    - Firebase/Core
    - FirebaseAuth (= 4.2.1)
  - Firebase/Core (4.3.0):
    - FirebaseAnalytics (= 4.0.4)
    - FirebaseCore (= 4.0.8)
  - Firebase/Firestore (4.3.0):
    - Firebase/Core
    - FirebaseFirestore (= 0.8.0)
  - Firebase/Storage (4.3.0):
    - Firebase/Core
    - FirebaseStorage (= 2.0.2)
  - FirebaseAnalytics (4.0.4):
    - FirebaseCore (~> 4.0)
    - FirebaseInstanceID (~> 2.0)
    - GoogleToolboxForMac/NSData+zlib (~> 2.1)
    - nanopb (~> 0.3)
  - FirebaseAuth (4.2.1):
    - FirebaseAnalytics (~> 4.0)
    - GoogleToolboxForMac/NSDictionary+URLArguments (~> 2.1)
    - GTMSessionFetcher/Core (~> 1.1)
  - FirebaseCore (4.0.8):
    - GoogleToolboxForMac/NSData+zlib (~> 2.1)
    - nanopb (~> 0.3)
  - FirebaseFirestore (0.8.0):
    - FirebaseAnalytics (~> 4.0)
    - FirebaseAuth (~> 4.2)
    - FirebaseCore (~> 4.0)
    - gRPC-ProtoRPC (~> 1.0)
    - leveldb-library (~> 1.18)
    - Protobuf (~> 3.1)
  - FirebaseInstanceID (2.0.4)
  - FirebaseStorage (2.0.2):
    - FirebaseAnalytics (~> 4.0)
    - FirebaseCore (~> 4.0)
    - GTMSessionFetcher/Core (~> 1.1)
  - Fusuma (1.2.0)
  - GoogleToolboxForMac/DebugUtils (2.1.1):
    - GoogleToolboxForMac/Defines (= 2.1.1)
  - GoogleToolboxForMac/Defines (2.1.1)
  - GoogleToolboxForMac/NSData+zlib (2.1.1):
    - GoogleToolboxForMac/Defines (= 2.1.1)
  - GoogleToolboxForMac/NSDictionary+URLArguments (2.1.1):
    - GoogleToolboxForMac/DebugUtils (= 2.1.1)
    - GoogleToolboxForMac/Defines (= 2.1.1)
    - GoogleToolboxForMac/NSString+URLArguments (= 2.1.1)
  - GoogleToolboxForMac/NSString+URLArguments (2.1.1)
  - gRPC (1.6.0):
    - gRPC-Core (= 1.6.0)
    - gRPC-RxLibrary (= 1.6.0)
  - gRPC-Core (1.6.0):
    - gRPC-Core/Implementation (= 1.6.0)
    - gRPC-Core/Interface (= 1.6.0)
  - gRPC-Core/Implementation (1.6.0):
    - BoringSSL (~> 9.0)
    - gRPC-Core/Interface (= 1.6.0)
    - nanopb (~> 0.3)
  - gRPC-Core/Interface (1.6.0)
  - gRPC-ProtoRPC (1.6.0):
    - gRPC (= 1.6.0)
    - gRPC-RxLibrary (= 1.6.0)
    - Protobuf (~> 3.0)
  - gRPC-RxLibrary (1.6.0)
  - GTMSessionFetcher/Core (1.1.12)
  - ImageButter (1.1.0)
  - leveldb-library (1.18.3)
  - MaterialComponents (35.2.0):
    - MaterialComponents/ActivityIndicator (= 35.2.0)
    - MaterialComponents/AnimationTiming (= 35.2.0)
    - MaterialComponents/AppBar (= 35.2.0)
    - MaterialComponents/BottomAppBar (= 35.2.0)
    - MaterialComponents/BottomSheet (= 35.2.0)
    - MaterialComponents/ButtonBar (= 35.2.0)
    - MaterialComponents/Buttons (= 35.2.0)
    - MaterialComponents/CollectionCells (= 35.2.0)
    - MaterialComponents/CollectionLayoutAttributes (= 35.2.0)
    - MaterialComponents/Collections (= 35.2.0)
    - MaterialComponents/Dialogs (= 35.2.0)
    - MaterialComponents/FeatureHighlight (= 35.2.0)
    - MaterialComponents/FlexibleHeader (= 35.2.0)
    - MaterialComponents/HeaderStackView (= 35.2.0)
    - MaterialComponents/Ink (= 35.2.0)
    - MaterialComponents/MaskedTransition (= 35.2.0)
    - MaterialComponents/NavigationBar (= 35.2.0)
    - MaterialComponents/OverlayWindow (= 35.2.0)
    - MaterialComponents/PageControl (= 35.2.0)
    - MaterialComponents/Palettes (= 35.2.0)
    - MaterialComponents/private (= 35.2.0)
    - MaterialComponents/ProgressView (= 35.2.0)
    - MaterialComponents/ShadowElevations (= 35.2.0)
    - MaterialComponents/ShadowLayer (= 35.2.0)
    - MaterialComponents/Slider (= 35.2.0)
    - MaterialComponents/Snackbar (= 35.2.0)
    - MaterialComponents/Tabs (= 35.2.0)
    - MaterialComponents/TextFields (= 35.2.0)
    - MaterialComponents/Themes (= 35.2.0)
    - MaterialComponents/Typography (= 35.2.0)
  - MaterialComponents/ActivityIndicator (35.2.0):
    - MaterialComponents/ActivityIndicator/ColorThemer (= 35.2.0)
    - MaterialComponents/ActivityIndicator/Component (= 35.2.0)
    - MaterialComponents/private/Application
    - MaterialComponents/private/RTL
  - MaterialComponents/ActivityIndicator/ColorThemer (35.2.0):
    - MaterialComponents/ActivityIndicator/Component
    - MaterialComponents/private/Application
    - MaterialComponents/private/RTL
    - MaterialComponents/Themes
  - MaterialComponents/ActivityIndicator/Component (35.2.0):
    - MaterialComponents/private/Application
    - MaterialComponents/private/RTL
  - MaterialComponents/AnimationTiming (35.2.0)
  - MaterialComponents/AppBar (35.2.0):
    - MaterialComponents/AppBar/ColorThemer (= 35.2.0)
    - MaterialComponents/AppBar/Component (= 35.2.0)
  - MaterialComponents/AppBar/ColorThemer (35.2.0):
    - MaterialComponents/AppBar/Component
    - MaterialComponents/Themes
  - MaterialComponents/AppBar/Component (35.2.0):
    - MaterialComponents/FlexibleHeader
    - MaterialComponents/HeaderStackView
    - MaterialComponents/NavigationBar
    - MaterialComponents/private/Icons/ic_arrow_back
    - MaterialComponents/private/RTL
    - MaterialComponents/ShadowElevations
    - MaterialComponents/ShadowLayer
    - MaterialComponents/Typography
  - MaterialComponents/BottomAppBar (35.2.0):
    - MaterialComponents/Buttons
    - MaterialComponents/NavigationBar
    - MaterialComponents/private/Math
    - MaterialComponents/private/RTL
  - MaterialComponents/BottomSheet (35.2.0):
    - MaterialComponents/private/KeyboardWatcher
    - MaterialComponents/private/Math
  - MaterialComponents/ButtonBar (35.2.0):
    - MaterialComponents/ButtonBar/ColorThemer (= 35.2.0)
    - MaterialComponents/ButtonBar/Component (= 35.2.0)
    - MaterialComponents/Buttons
    - MaterialComponents/private/RTL
  - MaterialComponents/ButtonBar/ColorThemer (35.2.0):
    - MaterialComponents/ButtonBar/Component
    - MaterialComponents/Buttons
    - MaterialComponents/NavigationBar/Component
    - MaterialComponents/private/RTL
    - MaterialComponents/Themes
  - MaterialComponents/ButtonBar/Component (35.2.0):
    - MaterialComponents/Buttons
    - MaterialComponents/private/RTL
  - MaterialComponents/Buttons (35.2.0):
    - MaterialComponents/Buttons/ColorThemer (= 35.2.0)
    - MaterialComponents/Buttons/Component (= 35.2.0)
    - MaterialComponents/Buttons/TitleColorAccessibilityMutator (= 35.2.0)
    - MaterialComponents/Ink
    - MaterialComponents/private/Math
    - MaterialComponents/ShadowElevations
    - MaterialComponents/ShadowLayer
    - MaterialComponents/Typography
    - MDFTextAccessibility
  - MaterialComponents/Buttons/ColorThemer (35.2.0):
    - MaterialComponents/Buttons/Component
    - MaterialComponents/Ink
    - MaterialComponents/private/Math
    - MaterialComponents/ShadowElevations
    - MaterialComponents/ShadowLayer
    - MaterialComponents/Themes
    - MaterialComponents/Typography
    - MDFTextAccessibility
  - MaterialComponents/Buttons/Component (35.2.0):
    - MaterialComponents/Ink
    - MaterialComponents/private/Math
    - MaterialComponents/ShadowElevations
    - MaterialComponents/ShadowLayer
    - MaterialComponents/Typography
    - MDFTextAccessibility
  - MaterialComponents/Buttons/TitleColorAccessibilityMutator (35.2.0):
    - MaterialComponents/Buttons/Component
    - MaterialComponents/Ink
    - MaterialComponents/private/Math
    - MaterialComponents/ShadowElevations
    - MaterialComponents/ShadowLayer
    - MaterialComponents/Typography
    - MDFTextAccessibility
  - MaterialComponents/CollectionCells (35.2.0):
    - MaterialComponents/CollectionLayoutAttributes
    - MaterialComponents/Ink
    - MaterialComponents/private/Icons/ic_check
    - MaterialComponents/private/Icons/ic_check_circle
    - MaterialComponents/private/Icons/ic_chevron_right
    - MaterialComponents/private/Icons/ic_info
    - MaterialComponents/private/Icons/ic_radio_button_unchecked
    - MaterialComponents/private/Icons/ic_reorder
    - MaterialComponents/private/Math
    - MaterialComponents/private/RTL
    - MaterialComponents/Typography
  - MaterialComponents/CollectionLayoutAttributes (35.2.0)
  - MaterialComponents/Collections (35.2.0):
    - MaterialComponents/CollectionCells
    - MaterialComponents/CollectionLayoutAttributes
    - MaterialComponents/Ink
    - MaterialComponents/ShadowElevations
    - MaterialComponents/ShadowLayer
    - MaterialComponents/Typography
  - MaterialComponents/Dialogs (35.2.0):
    - MaterialComponents/Dialogs/ColorThemer (= 35.2.0)
    - MaterialComponents/Dialogs/Component (= 35.2.0)
  - MaterialComponents/Dialogs/ColorThemer (35.2.0):
    - MaterialComponents/Dialogs/Component
    - MaterialComponents/Themes
  - MaterialComponents/Dialogs/Component (35.2.0):
    - MaterialComponents/Buttons
    - MaterialComponents/private/KeyboardWatcher
    - MaterialComponents/private/RTL
    - MaterialComponents/ShadowElevations
    - MaterialComponents/ShadowLayer
  - MaterialComponents/FeatureHighlight (35.2.0):
    - MaterialComponents/FeatureHighlight/ColorThemer (= 35.2.0)
    - MaterialComponents/FeatureHighlight/Component (= 35.2.0)
  - MaterialComponents/FeatureHighlight/ColorThemer (35.2.0):
    - MaterialComponents/FeatureHighlight/Component
    - MaterialComponents/Themes
  - MaterialComponents/FeatureHighlight/Component (35.2.0):
    - MaterialComponents/private/Math
    - MaterialComponents/Typography
    - MDFTextAccessibility
  - MaterialComponents/FlexibleHeader (35.2.0):
    - MaterialComponents/FlexibleHeader/ColorThemer (= 35.2.0)
    - MaterialComponents/FlexibleHeader/Component (= 35.2.0)
    - MaterialComponents/private/Application
    - MDFTextAccessibility
  - MaterialComponents/FlexibleHeader/ColorThemer (35.2.0):
    - MaterialComponents/FlexibleHeader/Component
    - MaterialComponents/private/Application
    - MaterialComponents/Themes
    - MDFTextAccessibility
  - MaterialComponents/FlexibleHeader/Component (35.2.0):
    - MaterialComponents/private/Application
    - MDFTextAccessibility
  - MaterialComponents/HeaderStackView (35.2.0):
    - MaterialComponents/HeaderStackView/ColorThemer (= 35.2.0)
    - MaterialComponents/HeaderStackView/Component (= 35.2.0)
  - MaterialComponents/HeaderStackView/ColorThemer (35.2.0):
    - MaterialComponents/HeaderStackView/Component
    - MaterialComponents/Themes
  - MaterialComponents/HeaderStackView/Component (35.2.0)
  - MaterialComponents/Ink (35.2.0):
    - MaterialComponents/Ink/ColorThemer (= 35.2.0)
    - MaterialComponents/Ink/Component (= 35.2.0)
  - MaterialComponents/Ink/ColorThemer (35.2.0):
    - MaterialComponents/Ink/Component
    - MaterialComponents/Themes
  - MaterialComponents/Ink/Component (35.2.0)
  - MaterialComponents/MaskedTransition (35.2.0):
    - MotionAnimator (~> 1.0)
    - MotionInterchange (~> 1.0)
    - MotionTransitioning (~> 3.0)
  - MaterialComponents/NavigationBar (35.2.0):
    - MaterialComponents/NavigationBar/ColorThemer (= 35.2.0)
    - MaterialComponents/NavigationBar/Component (= 35.2.0)
  - MaterialComponents/NavigationBar/ColorThemer (35.2.0):
    - MaterialComponents/NavigationBar/Component
    - MaterialComponents/Themes
  - MaterialComponents/NavigationBar/Component (35.2.0):
    - MaterialComponents/ButtonBar/Component
    - MaterialComponents/private/Math
    - MaterialComponents/private/RTL
    - MaterialComponents/Typography
    - MDFTextAccessibility
  - MaterialComponents/OverlayWindow (35.2.0):
    - MaterialComponents/private/Application
  - MaterialComponents/PageControl (35.2.0):
    - MaterialComponents/PageControl/ColorThemer (= 35.2.0)
    - MaterialComponents/PageControl/Component (= 35.2.0)
  - MaterialComponents/PageControl/ColorThemer (35.2.0):
    - MaterialComponents/PageControl/Component
    - MaterialComponents/Themes
  - MaterialComponents/PageControl/Component (35.2.0)
  - MaterialComponents/Palettes (35.2.0)
  - MaterialComponents/private (35.2.0):
    - MaterialComponents/private/Application (= 35.2.0)
    - MaterialComponents/private/Icons (= 35.2.0)
    - MaterialComponents/private/KeyboardWatcher (= 35.2.0)
    - MaterialComponents/private/Math (= 35.2.0)
    - MaterialComponents/private/Overlay (= 35.2.0)
    - MaterialComponents/private/RTL (= 35.2.0)
    - MaterialComponents/private/ThumbTrack (= 35.2.0)
  - MaterialComponents/private/Application (35.2.0)
  - MaterialComponents/private/Icons (35.2.0):
    - MaterialComponents/private/Icons/Base (= 35.2.0)
    - MaterialComponents/private/Icons/ic_arrow_back (= 35.2.0)
    - MaterialComponents/private/Icons/ic_check (= 35.2.0)
    - MaterialComponents/private/Icons/ic_check_circle (= 35.2.0)
    - MaterialComponents/private/Icons/ic_chevron_right (= 35.2.0)
    - MaterialComponents/private/Icons/ic_info (= 35.2.0)
    - MaterialComponents/private/Icons/ic_radio_button_unchecked (= 35.2.0)
    - MaterialComponents/private/Icons/ic_reorder (= 35.2.0)
  - MaterialComponents/private/Icons/Base (35.2.0)
  - MaterialComponents/private/Icons/ic_arrow_back (35.2.0):
    - MaterialComponents/private/Icons/Base
  - MaterialComponents/private/Icons/ic_check (35.2.0):
    - MaterialComponents/private/Icons/Base
  - MaterialComponents/private/Icons/ic_check_circle (35.2.0):
    - MaterialComponents/private/Icons/Base
  - MaterialComponents/private/Icons/ic_chevron_right (35.2.0):
    - MaterialComponents/private/Icons/Base
  - MaterialComponents/private/Icons/ic_info (35.2.0):
    - MaterialComponents/private/Icons/Base
  - MaterialComponents/private/Icons/ic_radio_button_unchecked (35.2.0):
    - MaterialComponents/private/Icons/Base
  - MaterialComponents/private/Icons/ic_reorder (35.2.0):
    - MaterialComponents/private/Icons/Base
  - MaterialComponents/private/KeyboardWatcher (35.2.0):
    - MaterialComponents/private/Application
  - MaterialComponents/private/Math (35.2.0)
  - MaterialComponents/private/Overlay (35.2.0)
  - MaterialComponents/private/RTL (35.2.0)
  - MaterialComponents/private/ThumbTrack (35.2.0):
    - MaterialComponents/Ink
    - MaterialComponents/private/Math
    - MaterialComponents/private/RTL
    - MaterialComponents/ShadowElevations
    - MaterialComponents/ShadowLayer
    - MaterialComponents/Typography
  - MaterialComponents/ProgressView (35.2.0):
    - MaterialComponents/ProgressView/ColorThemer (= 35.2.0)
    - MaterialComponents/ProgressView/Component (= 35.2.0)
  - MaterialComponents/ProgressView/ColorThemer (35.2.0):
    - MaterialComponents/ProgressView/Component
    - MaterialComponents/Themes
  - MaterialComponents/ProgressView/Component (35.2.0):
    - MaterialComponents/private/Math
    - MaterialComponents/private/RTL
  - MaterialComponents/ShadowElevations (35.2.0)
  - MaterialComponents/ShadowLayer (35.2.0)
  - MaterialComponents/Slider (35.2.0):
    - MaterialComponents/Slider/ColorThemer (= 35.2.0)
    - MaterialComponents/Slider/Component (= 35.2.0)
  - MaterialComponents/Slider/ColorThemer (35.2.0):
    - MaterialComponents/Slider/Component
    - MaterialComponents/Themes
  - MaterialComponents/Slider/Component (35.2.0):
    - MaterialComponents/private/ThumbTrack
  - MaterialComponents/Snackbar (35.2.0):
    - MaterialComponents/AnimationTiming
    - MaterialComponents/Buttons
    - MaterialComponents/OverlayWindow
    - MaterialComponents/private/Application
    - MaterialComponents/private/KeyboardWatcher
    - MaterialComponents/private/Overlay
    - MaterialComponents/Typography
  - MaterialComponents/Tabs (35.2.0):
    - MaterialComponents/Tabs/ColorThemer (= 35.2.0)
    - MaterialComponents/Tabs/Component (= 35.2.0)
  - MaterialComponents/Tabs/ColorThemer (35.2.0):
    - MaterialComponents/Tabs/Component
    - MaterialComponents/Themes
  - MaterialComponents/Tabs/Component (35.2.0):
    - MaterialComponents/AnimationTiming
    - MaterialComponents/Ink
    - MaterialComponents/private/RTL
    - MaterialComponents/Typography
  - MaterialComponents/TextFields (35.2.0):
    - MaterialComponents/TextFields/ColorThemer (= 35.2.0)
    - MaterialComponents/TextFields/Component (= 35.2.0)
  - MaterialComponents/TextFields/ColorThemer (35.2.0):
    - MaterialComponents/TextFields/Component
    - MaterialComponents/Themes
  - MaterialComponents/TextFields/Component (35.2.0):
    - MaterialComponents/AnimationTiming
    - MaterialComponents/Palettes
    - MaterialComponents/private/Math
    - MaterialComponents/private/RTL
    - MaterialComponents/Typography
  - MaterialComponents/Themes (35.2.0)
  - MaterialComponents/Typography (35.2.0):
    - MaterialComponents/private/Application
  - MDFTextAccessibility (1.2.0)
  - MotionAnimator (1.1.2):
    - MotionInterchange
  - MotionInterchange (1.1.0)
  - MotionTransitioning (3.3.0)
  - nanopb (0.3.8):
    - nanopb/decode (= 0.3.8)
    - nanopb/encode (= 0.3.8)
  - nanopb/decode (0.3.8)
  - nanopb/encode (0.3.8)
  - NSObject-SafeExpectations (0.0.2)
  - Protobuf (3.4.0)
  - Validator (3.0)
  - WordPress-iOS-Editor (1.9.7):
    - CocoaLumberjack (~> 3.2.0)
    - NSObject-SafeExpectations (~> 0.0.2)

DEPENDENCIES:
  - DateToolsSwift
  - FBSDKLoginKit
  - Firebase/Auth
  - Firebase/Core
  - Firebase/Firestore
  - Firebase/Storage
  - Fusuma
  - ImageButter
  - MaterialComponents
  - Validator
  - WordPress-iOS-Editor

SPEC CHECKSUMS:
  Bolts: 8a7995239dbe724f9cba2248b766d48b7ebdd322
  BoringSSL: 19083b821ef3ae0f758fae15482e183003b1e265
  CocoaLumberjack: 2800c03334042fe80589423c8d80e582dcaec482
  DateToolsSwift: bf69bf9056d9e53c5c03f06e51f219b9b8b02f9e
  FBSDKCoreKit: 03365dad5d790249196ffad8be4f6d8a2d98f932
  FBSDKLoginKit: 66ff53b73cffd967ab773e32fac39e90a60e6d46
  Firebase: 83283761a1ef6dc9846e03d08059f51421afbd65
  FirebaseAnalytics: 722b53c7b32bfc7806b06e0093a2f5180d4f2c5a
  FirebaseAuth: d7f047fbeab98062b98ea933b8d934e0fb1190e2
  FirebaseCore: 69b1a5ac5f857ba6d5fd9d5fe794f4786dd5e579
  FirebaseFirestore: 8e2fd99a621ae6fc6acfac3bdea824fe9d9c128d
  FirebaseInstanceID: 70c2b877e9338971b2429ea5a4293df6961aa44e
  FirebaseStorage: 0cca42d9b889a0227c3a50121f45a4469fc9eb27
  Fusuma: e8158ad6650507455c9898c22bc01583fbc86d8e
  GoogleToolboxForMac: 8e329f1b599f2512c6b10676d45736bcc2cbbeb0
  gRPC: 07788969b862af21491908f82b83d17ac08c94cd
  gRPC-Core: f707ade59c559fe718e27713189607d03b15f571
  gRPC-ProtoRPC: de7505e493a9d1b6b96c8ea8f976c73100fdf53f
  gRPC-RxLibrary: 17b9699beb0a838b95b57832244f9ead18e66777
  GTMSessionFetcher: ebaa1f79a5366922c1735f1566901f50beba23b7
  ImageButter: b17bb31996f9989b4ca5554942ebdbaececba9f5
  leveldb-library: 10fb39c39e243db4af1828441162405bbcec1404
  MaterialComponents: 3edb4c96d32042242ecdfb2159e697e3c59e9f38
  MDFTextAccessibility: 94098925e0853551c5a311ce7c1ecefbe297cdb6
  MotionAnimator: 5a1893b58fcf7a4664d81d69c9a09a0078c67e06
  MotionInterchange: b600100244df56c4f462bdacbcd11c44e6305d05
  MotionTransitioning: caaa488e0469d93f004793b96a2ed04447af808d
  nanopb: 5601e6bca2dbf1ed831b519092ec110f66982ca3
  NSObject-SafeExpectations: 7d7f48df90df4e11da7cfe86b64f45eff7a7f521
  Protobuf: 03eef2ee0b674770735cf79d9c4d3659cf6908e8
  Validator: 7d9828daffabc757604603052e407f208fa9b6d5
  WordPress-iOS-Editor: 03b3bc631a31520ccf78e665548286c6d12c17f4

PODFILE CHECKSUM: 62b84b166cca8fb3d6c6c8b4dcfeaafc46853aa7

COCOAPODS: 1.2.0
