// !$*UTF8*$!
{
	archiveVersion = 1;
	classes = {
	};
	objectVersion = 48;
	objects = {

/* Begin PBXBuildFile section */
		3A0596DFA66F8F5928BB5C6D /* Pods_ColemanJustin_FinalProject.framework in Frameworks */ = {isa = PBXBuildFile; fileRef = 7E6DE5ACE8D6560A9FF5F979 /* Pods_ColemanJustin_FinalProject.framework */; };
		D010E2711F9A61920042A031 /* HairTypeCell.swift in Sources */ = {isa = PBXBuildFile; fileRef = D010E2701F9A61920042A031 /* HairTypeCell.swift */; };
		D010E2731F9A61F80042A031 /* SectionHeaderView.swift in Sources */ = {isa = PBXBuildFile; fileRef = D010E2721F9A61F80042A031 /* SectionHeaderView.swift */; };
		D01BB59F1F8EECE000EBE6C6 /* LoginViewController.swift in Sources */ = {isa = PBXBuildFile; fileRef = D01BB59E1F8EECE000EBE6C6 /* LoginViewController.swift */; };
		D01BB5A11F8EFAB200EBE6C6 /* ValidationError.swift in Sources */ = {isa = PBXBuildFile; fileRef = D01BB5A01F8EFAB200EBE6C6 /* ValidationError.swift */; };
		D01BB5A41F8F0E1200EBE6C6 /* FeedViewController.swift in Sources */ = {isa = PBXBuildFile; fileRef = D01BB5A31F8F0E1200EBE6C6 /* FeedViewController.swift */; };
		D020E9E31F9E2918009E44BF /* ProductCell.swift in Sources */ = {isa = PBXBuildFile; fileRef = D020E9E11F9E2918009E44BF /* ProductCell.swift */; };
		D020E9E41F9E2918009E44BF /* ProductCell.xib in Resources */ = {isa = PBXBuildFile; fileRef = D020E9E21F9E2918009E44BF /* ProductCell.xib */; };
		D020E9E61F9E31E6009E44BF /* ProductsViewController.swift in Sources */ = {isa = PBXBuildFile; fileRef = D020E9E51F9E31E6009E44BF /* ProductsViewController.swift */; };
		D02A8AC51FA0FF0100DA0F75 /* EditProfileViewController.swift in Sources */ = {isa = PBXBuildFile; fileRef = D02A8AC41FA0FF0100DA0F75 /* EditProfileViewController.swift */; };
		D03D40EF1F8FB3C3007ACE22 /* NavigationController.swift in Sources */ = {isa = PBXBuildFile; fileRef = D03D40EE1F8FB3C3007ACE22 /* NavigationController.swift */; };
		D03D40F31F8FD249007ACE22 /* UserDefaultsUtil.swift in Sources */ = {isa = PBXBuildFile; fileRef = D03D40F21F8FD249007ACE22 /* UserDefaultsUtil.swift */; };
		D03D40F61F8FD8DD007ACE22 /* Post.swift in Sources */ = {isa = PBXBuildFile; fileRef = D03D40F51F8FD8DD007ACE22 /* Post.swift */; };
		D03D40FC1F8FDCC7007ACE22 /* PostCell.swift in Sources */ = {isa = PBXBuildFile; fileRef = D03D40FA1F8FDCC7007ACE22 /* PostCell.swift */; };
		D03E03B61F97DC5400A947E4 /* SelectedProfileViewController.swift in Sources */ = {isa = PBXBuildFile; fileRef = D03E03B51F97DC5400A947E4 /* SelectedProfileViewController.swift */; };
		D040E54F1FA516010051D166 /* FollowingViewController.swift in Sources */ = {isa = PBXBuildFile; fileRef = D040E54E1FA516010051D166 /* FollowingViewController.swift */; };
		D040E5511FA535DB0051D166 /* AutoAnalysisViewController.swift in Sources */ = {isa = PBXBuildFile; fileRef = D040E5501FA535DB0051D166 /* AutoAnalysisViewController.swift */; };
		D040E5561FA53E560051D166 /* VisualRecognitionV3.framework in Frameworks */ = {isa = PBXBuildFile; fileRef = D040E5551FA53E560051D166 /* VisualRecognitionV3.framework */; };
		D040E5571FA53E560051D166 /* VisualRecognitionV3.framework in Embed Frameworks */ = {isa = PBXBuildFile; fileRef = D040E5551FA53E560051D166 /* VisualRecognitionV3.framework */; settings = {ATTRIBUTES = (CodeSignOnCopy, RemoveHeadersOnCopy, ); }; };
		D040E55A1FA571660051D166 /* AnalysisDetailsViewController.swift in Sources */ = {isa = PBXBuildFile; fileRef = D040E5591FA571660051D166 /* AnalysisDetailsViewController.swift */; };
		D040E55C1FA5765A0051D166 /* HairPatternInfo.swift in Sources */ = {isa = PBXBuildFile; fileRef = D040E55B1FA5765A0051D166 /* HairPatternInfo.swift */; };
		D050F9721F9110C00008370E /* SearchViewController.swift in Sources */ = {isa = PBXBuildFile; fileRef = D050F9711F9110C00008370E /* SearchViewController.swift */; };
		D050F9741F91114F0008370E /* GuidesViewController.swift in Sources */ = {isa = PBXBuildFile; fileRef = D050F9731F91114F0008370E /* GuidesViewController.swift */; };
		D050F9771F9111800008370E /* ProfileViewController.swift in Sources */ = {isa = PBXBuildFile; fileRef = D050F9761F9111800008370E /* ProfileViewController.swift */; };
		D051134C1F9143C20077179C /* PostDetailsViewController.swift in Sources */ = {isa = PBXBuildFile; fileRef = D051134B1F9143C20077179C /* PostDetailsViewController.swift */; };
		D0570D221FA9125000B73EE4 /* GoogleService-Info.plist in Resources */ = {isa = PBXBuildFile; fileRef = D0570D211FA9124600B73EE4 /* GoogleService-Info.plist */; };
		D05AAD7C1F8E639C00716C74 /* AuthenticationViewController.swift in Sources */ = {isa = PBXBuildFile; fileRef = D05AAD7B1F8E639C00716C74 /* AuthenticationViewController.swift */; };
		D05AAD801F8E91CD00716C74 /* SignupViewController.swift in Sources */ = {isa = PBXBuildFile; fileRef = D05AAD7F1F8E91CD00716C74 /* SignupViewController.swift */; };
		D062C0941F91082E007BE5D7 /* AnalysisViewController.swift in Sources */ = {isa = PBXBuildFile; fileRef = D062C0931F91082E007BE5D7 /* AnalysisViewController.swift */; };
		D064CB971FA50B5500A013FF /* FollowersViewController.swift in Sources */ = {isa = PBXBuildFile; fileRef = D064CB961FA50B5500A013FF /* FollowersViewController.swift */; };
		D06641651F92768900258FB1 /* NewPostViewController.swift in Sources */ = {isa = PBXBuildFile; fileRef = D06641641F92768900258FB1 /* NewPostViewController.swift */; };
		D06F9A631FA21E79006B578E /* GridPostCell.swift in Sources */ = {isa = PBXBuildFile; fileRef = D06F9A621FA21E79006B578E /* GridPostCell.swift */; };
		D078B5BE1F7C1A5F00A6F8C5 /* AppDelegate.swift in Sources */ = {isa = PBXBuildFile; fileRef = D078B5BD1F7C1A5F00A6F8C5 /* AppDelegate.swift */; };
		D078B5C31F7C1A5F00A6F8C5 /* Main.storyboard in Resources */ = {isa = PBXBuildFile; fileRef = D078B5C11F7C1A5F00A6F8C5 /* Main.storyboard */; };
		D078B5C51F7C1A5F00A6F8C5 /* Assets.xcassets in Resources */ = {isa = PBXBuildFile; fileRef = D078B5C41F7C1A5F00A6F8C5 /* Assets.xcassets */; };
		D078B5C81F7C1A5F00A6F8C5 /* LaunchScreen.storyboard in Resources */ = {isa = PBXBuildFile; fileRef = D078B5C61F7C1A5F00A6F8C5 /* LaunchScreen.storyboard */; };
		D07F3B9B1F999FA500B4BF34 /* SplashScreen.swift in Sources */ = {isa = PBXBuildFile; fileRef = D07F3B9A1F999FA500B4BF34 /* SplashScreen.swift */; };
		D0964F8D1F9652150022CB7A /* DatabaseUtil.swift in Sources */ = {isa = PBXBuildFile; fileRef = D0964F8C1F9652150022CB7A /* DatabaseUtil.swift */; };
		D0964F8F1F9652A50022CB7A /* User.swift in Sources */ = {isa = PBXBuildFile; fileRef = D0964F8E1F9652A50022CB7A /* User.swift */; };
		D0964F911F9659A90022CB7A /* CloudStorageUtil.swift in Sources */ = {isa = PBXBuildFile; fileRef = D0964F901F9659A90022CB7A /* CloudStorageUtil.swift */; };
		D0964F931F9667400022CB7A /* Guide.swift in Sources */ = {isa = PBXBuildFile; fileRef = D0964F921F9667400022CB7A /* Guide.swift */; };
		D0964F951F9696850022CB7A /* SelectedGuideViewController.swift in Sources */ = {isa = PBXBuildFile; fileRef = D0964F941F9696850022CB7A /* SelectedGuideViewController.swift */; };
		D09691451F93D22A00763F83 /* NewGuideViewController.swift in Sources */ = {isa = PBXBuildFile; fileRef = D09691441F93D22A00763F83 /* NewGuideViewController.swift */; };
		D0AE936F1F97BBBE0087028C /* AddTagCell.swift in Sources */ = {isa = PBXBuildFile; fileRef = D0AE936E1F97BBBE0087028C /* AddTagCell.swift */; };
		D0BC3ACE1F9506C500423B99 /* GuideCell.swift in Sources */ = {isa = PBXBuildFile; fileRef = D0BC3ACC1F9506C500423B99 /* GuideCell.swift */; };
		D0BC3ACF1F9506C500423B99 /* GuideCell.xib in Resources */ = {isa = PBXBuildFile; fileRef = D0BC3ACD1F9506C500423B99 /* GuideCell.xib */; };
		D0CD6A1D1FA24E90001F5CEC /* ProfileSetupViewController.swift in Sources */ = {isa = PBXBuildFile; fileRef = D0CD6A1C1FA24E90001F5CEC /* ProfileSetupViewController.swift */; };
		D0E559511FA3E07000642FE6 /* UserCell.swift in Sources */ = {isa = PBXBuildFile; fileRef = D0E559501FA3E07000642FE6 /* UserCell.swift */; };
		D0E97AED1FA36DFC00292763 /* EditGuideViewController.swift in Sources */ = {isa = PBXBuildFile; fileRef = D0E97AEC1FA36DFC00292763 /* EditGuideViewController.swift */; };
		D0FD59D21FA3B4C500CE71BB /* TagsViewController.swift in Sources */ = {isa = PBXBuildFile; fileRef = D0FD59D11FA3B4C500CE71BB /* TagsViewController.swift */; };
/* End PBXBuildFile section */

/* Begin PBXCopyFilesBuildPhase section */
		D040E5581FA53E560051D166 /* Embed Frameworks */ = {
			isa = PBXCopyFilesBuildPhase;
			buildActionMask = 2147483647;
			dstPath = "";
			dstSubfolderSpec = 10;
			files = (
				D040E5571FA53E560051D166 /* VisualRecognitionV3.framework in Embed Frameworks */,
			);
			name = "Embed Frameworks";
			runOnlyForDeploymentPostprocessing = 0;
		};
/* End PBXCopyFilesBuildPhase section */

/* Begin PBXFileReference section */
		0A297C7FD92E8AEBEFF56DB1 /* Pods-ColemanJustin_FinalProject.release.xcconfig */ = {isa = PBXFileReference; includeInIndex = 1; lastKnownFileType = text.xcconfig; name = "Pods-ColemanJustin_FinalProject.release.xcconfig"; path = "Pods/Target Support Files/Pods-ColemanJustin_FinalProject/Pods-ColemanJustin_FinalProject.release.xcconfig"; sourceTree = "<group>"; };
		348F691C9077B0E0DDDED67B /* Pods-ColemanJustin_FinalProject.debug.xcconfig */ = {isa = PBXFileReference; includeInIndex = 1; lastKnownFileType = text.xcconfig; name = "Pods-ColemanJustin_FinalProject.debug.xcconfig"; path = "Pods/Target Support Files/Pods-ColemanJustin_FinalProject/Pods-ColemanJustin_FinalProject.debug.xcconfig"; sourceTree = "<group>"; };
		7E6DE5ACE8D6560A9FF5F979 /* Pods_ColemanJustin_FinalProject.framework */ = {isa = PBXFileReference; explicitFileType = wrapper.framework; includeInIndex = 0; path = Pods_ColemanJustin_FinalProject.framework; sourceTree = BUILT_PRODUCTS_DIR; };
		D010E2701F9A61920042A031 /* HairTypeCell.swift */ = {isa = PBXFileReference; lastKnownFileType = sourcecode.swift; path = HairTypeCell.swift; sourceTree = "<group>"; };
		D010E2721F9A61F80042A031 /* SectionHeaderView.swift */ = {isa = PBXFileReference; lastKnownFileType = sourcecode.swift; path = SectionHeaderView.swift; sourceTree = "<group>"; };
		D01BB59E1F8EECE000EBE6C6 /* LoginViewController.swift */ = {isa = PBXFileReference; lastKnownFileType = sourcecode.swift; path = LoginViewController.swift; sourceTree = "<group>"; };
		D01BB5A01F8EFAB200EBE6C6 /* ValidationError.swift */ = {isa = PBXFileReference; lastKnownFileType = sourcecode.swift; path = ValidationError.swift; sourceTree = "<group>"; };
		D01BB5A31F8F0E1200EBE6C6 /* FeedViewController.swift */ = {isa = PBXFileReference; lastKnownFileType = sourcecode.swift; path = FeedViewController.swift; sourceTree = "<group>"; };
		D020E9E11F9E2918009E44BF /* ProductCell.swift */ = {isa = PBXFileReference; lastKnownFileType = sourcecode.swift; path = ProductCell.swift; sourceTree = "<group>"; };
		D020E9E21F9E2918009E44BF /* ProductCell.xib */ = {isa = PBXFileReference; lastKnownFileType = file.xib; path = ProductCell.xib; sourceTree = "<group>"; };
		D020E9E51F9E31E6009E44BF /* ProductsViewController.swift */ = {isa = PBXFileReference; lastKnownFileType = sourcecode.swift; path = ProductsViewController.swift; sourceTree = "<group>"; };
		D02A8AC41FA0FF0100DA0F75 /* EditProfileViewController.swift */ = {isa = PBXFileReference; lastKnownFileType = sourcecode.swift; path = EditProfileViewController.swift; sourceTree = "<group>"; };
		D03D40EE1F8FB3C3007ACE22 /* NavigationController.swift */ = {isa = PBXFileReference; lastKnownFileType = sourcecode.swift; path = NavigationController.swift; sourceTree = "<group>"; };
		D03D40F21F8FD249007ACE22 /* UserDefaultsUtil.swift */ = {isa = PBXFileReference; lastKnownFileType = sourcecode.swift; path = UserDefaultsUtil.swift; sourceTree = "<group>"; };
		D03D40F51F8FD8DD007ACE22 /* Post.swift */ = {isa = PBXFileReference; lastKnownFileType = sourcecode.swift; path = Post.swift; sourceTree = "<group>"; };
		D03D40FA1F8FDCC7007ACE22 /* PostCell.swift */ = {isa = PBXFileReference; lastKnownFileType = sourcecode.swift; path = PostCell.swift; sourceTree = "<group>"; };
		D03E03B51F97DC5400A947E4 /* SelectedProfileViewController.swift */ = {isa = PBXFileReference; lastKnownFileType = sourcecode.swift; path = SelectedProfileViewController.swift; sourceTree = "<group>"; };
		D040E54E1FA516010051D166 /* FollowingViewController.swift */ = {isa = PBXFileReference; lastKnownFileType = sourcecode.swift; path = FollowingViewController.swift; sourceTree = "<group>"; };
		D040E5501FA535DB0051D166 /* AutoAnalysisViewController.swift */ = {isa = PBXFileReference; lastKnownFileType = sourcecode.swift; path = AutoAnalysisViewController.swift; sourceTree = "<group>"; };
		D040E5531FA53D360051D166 /* VisualRecognitionV3.framework */ = {isa = PBXFileReference; lastKnownFileType = wrapper.framework; name = VisualRecognitionV3.framework; path = Carthage/Build/iOS/VisualRecognitionV3.framework; sourceTree = "<group>"; };
		D040E5551FA53E560051D166 /* VisualRecognitionV3.framework */ = {isa = PBXFileReference; lastKnownFileType = wrapper.framework; name = VisualRecognitionV3.framework; path = Carthage/Build/iOS/VisualRecognitionV3.framework; sourceTree = "<group>"; };
		D040E5591FA571660051D166 /* AnalysisDetailsViewController.swift */ = {isa = PBXFileReference; lastKnownFileType = sourcecode.swift; path = AnalysisDetailsViewController.swift; sourceTree = "<group>"; };
		D040E55B1FA5765A0051D166 /* HairPatternInfo.swift */ = {isa = PBXFileReference; lastKnownFileType = sourcecode.swift; path = HairPatternInfo.swift; sourceTree = "<group>"; };
		D050F9711F9110C00008370E /* SearchViewController.swift */ = {isa = PBXFileReference; lastKnownFileType = sourcecode.swift; path = SearchViewController.swift; sourceTree = "<group>"; };
		D050F9731F91114F0008370E /* GuidesViewController.swift */ = {isa = PBXFileReference; lastKnownFileType = sourcecode.swift; path = GuidesViewController.swift; sourceTree = "<group>"; };
		D050F9761F9111800008370E /* ProfileViewController.swift */ = {isa = PBXFileReference; lastKnownFileType = sourcecode.swift; path = ProfileViewController.swift; sourceTree = "<group>"; };
		D051134B1F9143C20077179C /* PostDetailsViewController.swift */ = {isa = PBXFileReference; lastKnownFileType = sourcecode.swift; path = PostDetailsViewController.swift; sourceTree = "<group>"; };
		D0570D211FA9124600B73EE4 /* GoogleService-Info.plist */ = {isa = PBXFileReference; lastKnownFileType = text.plist.xml; path = "GoogleService-Info.plist"; sourceTree = "<group>"; };
		D05AAD7B1F8E639C00716C74 /* AuthenticationViewController.swift */ = {isa = PBXFileReference; lastKnownFileType = sourcecode.swift; path = AuthenticationViewController.swift; sourceTree = "<group>"; };
		D05AAD7F1F8E91CD00716C74 /* SignupViewController.swift */ = {isa = PBXFileReference; lastKnownFileType = sourcecode.swift; path = SignupViewController.swift; sourceTree = "<group>"; };
		D062C0931F91082E007BE5D7 /* AnalysisViewController.swift */ = {isa = PBXFileReference; lastKnownFileType = sourcecode.swift; path = AnalysisViewController.swift; sourceTree = "<group>"; };
		D064CB961FA50B5500A013FF /* FollowersViewController.swift */ = {isa = PBXFileReference; lastKnownFileType = sourcecode.swift; path = FollowersViewController.swift; sourceTree = "<group>"; };
		D06641641F92768900258FB1 /* NewPostViewController.swift */ = {isa = PBXFileReference; lastKnownFileType = sourcecode.swift; path = NewPostViewController.swift; sourceTree = "<group>"; };
		D06F9A621FA21E79006B578E /* GridPostCell.swift */ = {isa = PBXFileReference; lastKnownFileType = sourcecode.swift; path = GridPostCell.swift; sourceTree = "<group>"; };
		D078B5BA1F7C1A5F00A6F8C5 /* ColemanJustin_FinalProject.app */ = {isa = PBXFileReference; explicitFileType = wrapper.application; includeInIndex = 0; path = ColemanJustin_FinalProject.app; sourceTree = BUILT_PRODUCTS_DIR; };
		D078B5BD1F7C1A5F00A6F8C5 /* AppDelegate.swift */ = {isa = PBXFileReference; lastKnownFileType = sourcecode.swift; path = AppDelegate.swift; sourceTree = "<group>"; };
		D078B5C21F7C1A5F00A6F8C5 /* Base */ = {isa = PBXFileReference; lastKnownFileType = file.storyboard; name = Base; path = Base.lproj/Main.storyboard; sourceTree = "<group>"; };
		D078B5C41F7C1A5F00A6F8C5 /* Assets.xcassets */ = {isa = PBXFileReference; lastKnownFileType = folder.assetcatalog; path = Assets.xcassets; sourceTree = "<group>"; };
		D078B5C71F7C1A5F00A6F8C5 /* Base */ = {isa = PBXFileReference; lastKnownFileType = file.storyboard; name = Base; path = Base.lproj/LaunchScreen.storyboard; sourceTree = "<group>"; };
		D078B5C91F7C1A5F00A6F8C5 /* Info.plist */ = {isa = PBXFileReference; lastKnownFileType = text.plist.xml; path = Info.plist; sourceTree = "<group>"; };
		D07F3B9A1F999FA500B4BF34 /* SplashScreen.swift */ = {isa = PBXFileReference; lastKnownFileType = sourcecode.swift; path = SplashScreen.swift; sourceTree = "<group>"; };
		D0964F8C1F9652150022CB7A /* DatabaseUtil.swift */ = {isa = PBXFileReference; lastKnownFileType = sourcecode.swift; path = DatabaseUtil.swift; sourceTree = "<group>"; };
		D0964F8E1F9652A50022CB7A /* User.swift */ = {isa = PBXFileReference; lastKnownFileType = sourcecode.swift; path = User.swift; sourceTree = "<group>"; };
		D0964F901F9659A90022CB7A /* CloudStorageUtil.swift */ = {isa = PBXFileReference; lastKnownFileType = sourcecode.swift; path = CloudStorageUtil.swift; sourceTree = "<group>"; };
		D0964F921F9667400022CB7A /* Guide.swift */ = {isa = PBXFileReference; lastKnownFileType = sourcecode.swift; path = Guide.swift; sourceTree = "<group>"; };
		D0964F941F9696850022CB7A /* SelectedGuideViewController.swift */ = {isa = PBXFileReference; lastKnownFileType = sourcecode.swift; path = SelectedGuideViewController.swift; sourceTree = "<group>"; };
		D09691441F93D22A00763F83 /* NewGuideViewController.swift */ = {isa = PBXFileReference; lastKnownFileType = sourcecode.swift; path = NewGuideViewController.swift; sourceTree = "<group>"; };
		D0AE936E1F97BBBE0087028C /* AddTagCell.swift */ = {isa = PBXFileReference; lastKnownFileType = sourcecode.swift; path = AddTagCell.swift; sourceTree = "<group>"; };
		D0BC3ACC1F9506C500423B99 /* GuideCell.swift */ = {isa = PBXFileReference; lastKnownFileType = sourcecode.swift; path = GuideCell.swift; sourceTree = "<group>"; };
		D0BC3ACD1F9506C500423B99 /* GuideCell.xib */ = {isa = PBXFileReference; lastKnownFileType = file.xib; path = GuideCell.xib; sourceTree = "<group>"; };
		D0CD6A1C1FA24E90001F5CEC /* ProfileSetupViewController.swift */ = {isa = PBXFileReference; lastKnownFileType = sourcecode.swift; path = ProfileSetupViewController.swift; sourceTree = "<group>"; };
		D0E559501FA3E07000642FE6 /* UserCell.swift */ = {isa = PBXFileReference; lastKnownFileType = sourcecode.swift; path = UserCell.swift; sourceTree = "<group>"; };
		D0E97AEC1FA36DFC00292763 /* EditGuideViewController.swift */ = {isa = PBXFileReference; lastKnownFileType = sourcecode.swift; path = EditGuideViewController.swift; sourceTree = "<group>"; };
		D0FD59D11FA3B4C500CE71BB /* TagsViewController.swift */ = {isa = PBXFileReference; lastKnownFileType = sourcecode.swift; path = TagsViewController.swift; sourceTree = "<group>"; };
/* End PBXFileReference section */

/* Begin PBXFrameworksBuildPhase section */
		D078B5B71F7C1A5F00A6F8C5 /* Frameworks */ = {
			isa = PBXFrameworksBuildPhase;
			buildActionMask = 2147483647;
			files = (
				3A0596DFA66F8F5928BB5C6D /* Pods_ColemanJustin_FinalProject.framework in Frameworks */,
				D040E5561FA53E560051D166 /* VisualRecognitionV3.framework in Frameworks */,
			);
			runOnlyForDeploymentPostprocessing = 0;
		};
/* End PBXFrameworksBuildPhase section */

/* Begin PBXGroup section */
		1EB5D59F2FE2E0ADF1588872 /* Pods */ = {
			isa = PBXGroup;
			children = (
				348F691C9077B0E0DDDED67B /* Pods-ColemanJustin_FinalProject.debug.xcconfig */,
				0A297C7FD92E8AEBEFF56DB1 /* Pods-ColemanJustin_FinalProject.release.xcconfig */,
			);
			name = Pods;
			sourceTree = "<group>";
		};
		D006D4DA1F8BC9AA00BAFD24 /* Onboarding */ = {
			isa = PBXGroup;
			children = (
			);
			path = Onboarding;
			sourceTree = "<group>";
		};
		D006D4DB1F8BC9B600BAFD24 /* Main */ = {
			isa = PBXGroup;
			children = (
				D07F3B991F999F8400B4BF34 /* SplashScreen */,
				D05AAD7A1F8E630100716C74 /* Authentication */,
				D062C0921F91080B007BE5D7 /* Analysis */,
				D01BB5A21F8F0D3800EBE6C6 /* Feed */,
				D050F9701F9110B10008370E /* Search */,
				D050F9751F9111730008370E /* Profile */,
				D0FFAAB81F8D2E64005E11BE /* Guides */,
			);
			path = Main;
			sourceTree = "<group>";
		};
		D006D4DC1F8BCA8900BAFD24 /* Utils */ = {
			isa = PBXGroup;
			children = (
				D03D40F21F8FD249007ACE22 /* UserDefaultsUtil.swift */,
				D0964F8C1F9652150022CB7A /* DatabaseUtil.swift */,
				D0964F901F9659A90022CB7A /* CloudStorageUtil.swift */,
			);
			name = Utils;
			path = Main;
			sourceTree = "<group>";
		};
		D010E26F1F9A617C0042A031 /* Cells */ = {
			isa = PBXGroup;
			children = (
				D010E2701F9A61920042A031 /* HairTypeCell.swift */,
				D010E2721F9A61F80042A031 /* SectionHeaderView.swift */,
			);
			path = Cells;
			sourceTree = "<group>";
		};
		D01BB5A21F8F0D3800EBE6C6 /* Feed */ = {
			isa = PBXGroup;
			children = (
				D06641631F92765C00258FB1 /* New Post */,
				D03D40F71F8FDC0B007ACE22 /* Cells */,
				D01BB5A31F8F0E1200EBE6C6 /* FeedViewController.swift */,
				D051134B1F9143C20077179C /* PostDetailsViewController.swift */,
			);
			path = Feed;
			sourceTree = "<group>";
		};
		D03D40ED1F8FB3A3007ACE22 /* Navigation */ = {
			isa = PBXGroup;
			children = (
				D03D40EE1F8FB3C3007ACE22 /* NavigationController.swift */,
			);
			path = Navigation;
			sourceTree = "<group>";
		};
		D03D40F41F8FD8C4007ACE22 /* Data */ = {
			isa = PBXGroup;
			children = (
				D03D40F51F8FD8DD007ACE22 /* Post.swift */,
				D0964F8E1F9652A50022CB7A /* User.swift */,
				D0964F921F9667400022CB7A /* Guide.swift */,
				D040E55B1FA5765A0051D166 /* HairPatternInfo.swift */,
			);
			path = Data;
			sourceTree = "<group>";
		};
		D03D40F71F8FDC0B007ACE22 /* Cells */ = {
			isa = PBXGroup;
			children = (
				D03D40FA1F8FDCC7007ACE22 /* PostCell.swift */,
				D0AE936E1F97BBBE0087028C /* AddTagCell.swift */,
			);
			path = Cells;
			sourceTree = "<group>";
		};
		D050F9701F9110B10008370E /* Search */ = {
			isa = PBXGroup;
			children = (
				D0E5594F1FA3E05B00642FE6 /* Cells */,
				D050F9711F9110C00008370E /* SearchViewController.swift */,
			);
			path = Search;
			sourceTree = "<group>";
		};
		D050F9751F9111730008370E /* Profile */ = {
			isa = PBXGroup;
			children = (
				D050F9761F9111800008370E /* ProfileViewController.swift */,
				D03E03B51F97DC5400A947E4 /* SelectedProfileViewController.swift */,
				D02A8AC41FA0FF0100DA0F75 /* EditProfileViewController.swift */,
				D06F9A621FA21E79006B578E /* GridPostCell.swift */,
				D0CD6A1C1FA24E90001F5CEC /* ProfileSetupViewController.swift */,
				D064CB961FA50B5500A013FF /* FollowersViewController.swift */,
				D040E54E1FA516010051D166 /* FollowingViewController.swift */,
			);
			path = Profile;
			sourceTree = "<group>";
		};
		D05AAD7A1F8E630100716C74 /* Authentication */ = {
			isa = PBXGroup;
			children = (
				D05AAD7B1F8E639C00716C74 /* AuthenticationViewController.swift */,
				D05AAD7F1F8E91CD00716C74 /* SignupViewController.swift */,
				D01BB59E1F8EECE000EBE6C6 /* LoginViewController.swift */,
				D01BB5A01F8EFAB200EBE6C6 /* ValidationError.swift */,
			);
			path = Authentication;
			sourceTree = "<group>";
		};
		D062C0921F91080B007BE5D7 /* Analysis */ = {
			isa = PBXGroup;
			children = (
				D010E26F1F9A617C0042A031 /* Cells */,
				D006D4DA1F8BC9AA00BAFD24 /* Onboarding */,
				D062C0931F91082E007BE5D7 /* AnalysisViewController.swift */,
				D040E5501FA535DB0051D166 /* AutoAnalysisViewController.swift */,
				D040E5591FA571660051D166 /* AnalysisDetailsViewController.swift */,
			);
			path = Analysis;
			sourceTree = "<group>";
		};
		D06641621F92730E00258FB1 /* Storyboards */ = {
			isa = PBXGroup;
			children = (
				D078B5C11F7C1A5F00A6F8C5 /* Main.storyboard */,
			);
			path = Storyboards;
			sourceTree = "<group>";
		};
		D06641631F92765C00258FB1 /* New Post */ = {
			isa = PBXGroup;
			children = (
				D06641641F92768900258FB1 /* NewPostViewController.swift */,
				D0FD59D11FA3B4C500CE71BB /* TagsViewController.swift */,
			);
			path = "New Post";
			sourceTree = "<group>";
		};
		D078B5B11F7C1A5F00A6F8C5 = {
			isa = PBXGroup;
			children = (
				D040E5551FA53E560051D166 /* VisualRecognitionV3.framework */,
				D078B5BC1F7C1A5F00A6F8C5 /* ColemanJustin_FinalProject */,
				D078B5BB1F7C1A5F00A6F8C5 /* Products */,
				1EB5D59F2FE2E0ADF1588872 /* Pods */,
				F395B42B686BE62C7D677EDB /* Frameworks */,
			);
			sourceTree = "<group>";
		};
		D078B5BB1F7C1A5F00A6F8C5 /* Products */ = {
			isa = PBXGroup;
			children = (
				D078B5BA1F7C1A5F00A6F8C5 /* ColemanJustin_FinalProject.app */,
			);
			name = Products;
			sourceTree = "<group>";
		};
		D078B5BC1F7C1A5F00A6F8C5 /* ColemanJustin_FinalProject */ = {
			isa = PBXGroup;
			children = (
				D078B5BD1F7C1A5F00A6F8C5 /* AppDelegate.swift */,
				D03D40ED1F8FB3A3007ACE22 /* Navigation */,
				D006D4DB1F8BC9B600BAFD24 /* Main */,
				D03D40F41F8FD8C4007ACE22 /* Data */,
				D006D4DC1F8BCA8900BAFD24 /* Utils */,
				D06641621F92730E00258FB1 /* Storyboards */,
				D078B5C41F7C1A5F00A6F8C5 /* Assets.xcassets */,
				D078B5C61F7C1A5F00A6F8C5 /* LaunchScreen.storyboard */,
				D078B5C91F7C1A5F00A6F8C5 /* Info.plist */,
				D0570D211FA9124600B73EE4 /* GoogleService-Info.plist */,
			);
			path = ColemanJustin_FinalProject;
			sourceTree = "<group>";
		};
		D07F3B991F999F8400B4BF34 /* SplashScreen */ = {
			isa = PBXGroup;
			children = (
				D07F3B9A1F999FA500B4BF34 /* SplashScreen.swift */,
			);
			path = SplashScreen;
			sourceTree = "<group>";
		};
		D09691431F93D20D00763F83 /* New Guide */ = {
			isa = PBXGroup;
			children = (
				D09691441F93D22A00763F83 /* NewGuideViewController.swift */,
			);
			path = "New Guide";
			sourceTree = "<group>";
		};
		D0E5594F1FA3E05B00642FE6 /* Cells */ = {
			isa = PBXGroup;
			children = (
				D0E559501FA3E07000642FE6 /* UserCell.swift */,
			);
			path = Cells;
			sourceTree = "<group>";
		};
		D0FFAAAD1F8D2569005E11BE /* Cells */ = {
			isa = PBXGroup;
			children = (
				D0BC3ACC1F9506C500423B99 /* GuideCell.swift */,
				D0BC3ACD1F9506C500423B99 /* GuideCell.xib */,
				D020E9E11F9E2918009E44BF /* ProductCell.swift */,
				D020E9E21F9E2918009E44BF /* ProductCell.xib */,
			);
			path = Cells;
			sourceTree = "<group>";
		};
		D0FFAAB81F8D2E64005E11BE /* Guides */ = {
			isa = PBXGroup;
			children = (
				D050F9731F91114F0008370E /* GuidesViewController.swift */,
				D09691431F93D20D00763F83 /* New Guide */,
				D0FFAAAD1F8D2569005E11BE /* Cells */,
				D0964F941F9696850022CB7A /* SelectedGuideViewController.swift */,
				D020E9E51F9E31E6009E44BF /* ProductsViewController.swift */,
				D0E97AEC1FA36DFC00292763 /* EditGuideViewController.swift */,
			);
			path = Guides;
			sourceTree = "<group>";
		};
		F395B42B686BE62C7D677EDB /* Frameworks */ = {
			isa = PBXGroup;
			children = (
				D040E5531FA53D360051D166 /* VisualRecognitionV3.framework */,
				7E6DE5ACE8D6560A9FF5F979 /* Pods_ColemanJustin_FinalProject.framework */,
			);
			name = Frameworks;
			sourceTree = "<group>";
		};
/* End PBXGroup section */

/* Begin PBXNativeTarget section */
		D078B5B91F7C1A5F00A6F8C5 /* ColemanJustin_FinalProject */ = {
			isa = PBXNativeTarget;
			buildConfigurationList = D078B5CC1F7C1A5F00A6F8C5 /* Build configuration list for PBXNativeTarget "ColemanJustin_FinalProject" */;
			buildPhases = (
				91990A0BA8BD7F7800B3A643 /* [CP] Check Pods Manifest.lock */,
				D078B5B61F7C1A5F00A6F8C5 /* Sources */,
				D078B5B71F7C1A5F00A6F8C5 /* Frameworks */,
				D078B5B81F7C1A5F00A6F8C5 /* Resources */,
				A451100A01E4576D9A5A5DA7 /* [CP] Embed Pods Frameworks */,
				5B2A458364777DE2E5C84219 /* [CP] Copy Pods Resources */,
				D040E5581FA53E560051D166 /* Embed Frameworks */,
			);
			buildRules = (
			);
			dependencies = (
			);
			name = ColemanJustin_FinalProject;
			productName = ColemanJustin_FinalProject;
			productReference = D078B5BA1F7C1A5F00A6F8C5 /* ColemanJustin_FinalProject.app */;
			productType = "com.apple.product-type.application";
		};
/* End PBXNativeTarget section */

/* Begin PBXProject section */
		D078B5B21F7C1A5F00A6F8C5 /* Project object */ = {
			isa = PBXProject;
			attributes = {
				LastSwiftUpdateCheck = 0900;
				LastUpgradeCheck = 0900;
				ORGANIZATIONNAME = "Justin Coleman";
				TargetAttributes = {
					D078B5B91F7C1A5F00A6F8C5 = {
						CreatedOnToolsVersion = 9.0;
						LastSwiftMigration = 0900;
						ProvisioningStyle = Automatic;
					};
				};
			};
			buildConfigurationList = D078B5B51F7C1A5F00A6F8C5 /* Build configuration list for PBXProject "ColemanJustin_FinalProject" */;
			compatibilityVersion = "Xcode 8.0";
			developmentRegion = en;
			hasScannedForEncodings = 0;
			knownRegions = (
				en,
				Base,
			);
			mainGroup = D078B5B11F7C1A5F00A6F8C5;
			productRefGroup = D078B5BB1F7C1A5F00A6F8C5 /* Products */;
			projectDirPath = "";
			projectRoot = "";
			targets = (
				D078B5B91F7C1A5F00A6F8C5 /* ColemanJustin_FinalProject */,
			);
		};
/* End PBXProject section */

/* Begin PBXResourcesBuildPhase section */
		D078B5B81F7C1A5F00A6F8C5 /* Resources */ = {
			isa = PBXResourcesBuildPhase;
			buildActionMask = 2147483647;
			files = (
				D0BC3ACF1F9506C500423B99 /* GuideCell.xib in Resources */,
				D078B5C81F7C1A5F00A6F8C5 /* LaunchScreen.storyboard in Resources */,
				D078B5C51F7C1A5F00A6F8C5 /* Assets.xcassets in Resources */,
				D020E9E41F9E2918009E44BF /* ProductCell.xib in Resources */,
				D078B5C31F7C1A5F00A6F8C5 /* Main.storyboard in Resources */,
				D0570D221FA9125000B73EE4 /* GoogleService-Info.plist in Resources */,
			);
			runOnlyForDeploymentPostprocessing = 0;
		};
/* End PBXResourcesBuildPhase section */

/* Begin PBXShellScriptBuildPhase section */
		5B2A458364777DE2E5C84219 /* [CP] Copy Pods Resources */ = {
			isa = PBXShellScriptBuildPhase;
			buildActionMask = 2147483647;
			files = (
			);
			inputPaths = (
			);
			name = "[CP] Copy Pods Resources";
			outputPaths = (
			);
			runOnlyForDeploymentPostprocessing = 0;
			shellPath = /bin/sh;
			shellScript = "\"${SRCROOT}/Pods/Target Support Files/Pods-ColemanJustin_FinalProject/Pods-ColemanJustin_FinalProject-resources.sh\"\n";
			showEnvVarsInLog = 0;
		};
		91990A0BA8BD7F7800B3A643 /* [CP] Check Pods Manifest.lock */ = {
			isa = PBXShellScriptBuildPhase;
			buildActionMask = 2147483647;
			files = (
			);
			inputPaths = (
			);
			name = "[CP] Check Pods Manifest.lock";
			outputPaths = (
			);
			runOnlyForDeploymentPostprocessing = 0;
			shellPath = /bin/sh;
			shellScript = "diff \"${PODS_ROOT}/../Podfile.lock\" \"${PODS_ROOT}/Manifest.lock\" > /dev/null\nif [ $? != 0 ] ; then\n    # print error to STDERR\n    echo \"error: The sandbox is not in sync with the Podfile.lock. Run 'pod install' or update your CocoaPods installation.\" >&2\n    exit 1\nfi\n";
			showEnvVarsInLog = 0;
		};
		A451100A01E4576D9A5A5DA7 /* [CP] Embed Pods Frameworks */ = {
			isa = PBXShellScriptBuildPhase;
			buildActionMask = 2147483647;
			files = (
			);
			inputPaths = (
			);
			name = "[CP] Embed Pods Frameworks";
			outputPaths = (
			);
			runOnlyForDeploymentPostprocessing = 0;
			shellPath = /bin/sh;
			shellScript = "\"${SRCROOT}/Pods/Target Support Files/Pods-ColemanJustin_FinalProject/Pods-ColemanJustin_FinalProject-frameworks.sh\"\n";
			showEnvVarsInLog = 0;
		};
/* End PBXShellScriptBuildPhase section */

/* Begin PBXSourcesBuildPhase section */
		D078B5B61F7C1A5F00A6F8C5 /* Sources */ = {
			isa = PBXSourcesBuildPhase;
			buildActionMask = 2147483647;
			files = (
				D01BB59F1F8EECE000EBE6C6 /* LoginViewController.swift in Sources */,
				D01BB5A11F8EFAB200EBE6C6 /* ValidationError.swift in Sources */,
				D0AE936F1F97BBBE0087028C /* AddTagCell.swift in Sources */,
				D040E55C1FA5765A0051D166 /* HairPatternInfo.swift in Sources */,
				D03E03B61F97DC5400A947E4 /* SelectedProfileViewController.swift in Sources */,
				D05AAD801F8E91CD00716C74 /* SignupViewController.swift in Sources */,
				D062C0941F91082E007BE5D7 /* AnalysisViewController.swift in Sources */,
				D064CB971FA50B5500A013FF /* FollowersViewController.swift in Sources */,
				D040E5511FA535DB0051D166 /* AutoAnalysisViewController.swift in Sources */,
				D0CD6A1D1FA24E90001F5CEC /* ProfileSetupViewController.swift in Sources */,
				D050F9771F9111800008370E /* ProfileViewController.swift in Sources */,
				D02A8AC51FA0FF0100DA0F75 /* EditProfileViewController.swift in Sources */,
				D050F9741F91114F0008370E /* GuidesViewController.swift in Sources */,
				D07F3B9B1F999FA500B4BF34 /* SplashScreen.swift in Sources */,
				D06F9A631FA21E79006B578E /* GridPostCell.swift in Sources */,
				D0964F911F9659A90022CB7A /* CloudStorageUtil.swift in Sources */,
				D040E55A1FA571660051D166 /* AnalysisDetailsViewController.swift in Sources */,
				D05AAD7C1F8E639C00716C74 /* AuthenticationViewController.swift in Sources */,
				D01BB5A41F8F0E1200EBE6C6 /* FeedViewController.swift in Sources */,
				D050F9721F9110C00008370E /* SearchViewController.swift in Sources */,
				D0FD59D21FA3B4C500CE71BB /* TagsViewController.swift in Sources */,
				D0964F8F1F9652A50022CB7A /* User.swift in Sources */,
				D010E2731F9A61F80042A031 /* SectionHeaderView.swift in Sources */,
				D0964F931F9667400022CB7A /* Guide.swift in Sources */,
				D051134C1F9143C20077179C /* PostDetailsViewController.swift in Sources */,
				D0BC3ACE1F9506C500423B99 /* GuideCell.swift in Sources */,
				D03D40EF1F8FB3C3007ACE22 /* NavigationController.swift in Sources */,
				D03D40F61F8FD8DD007ACE22 /* Post.swift in Sources */,
				D03D40F31F8FD249007ACE22 /* UserDefaultsUtil.swift in Sources */,
				D09691451F93D22A00763F83 /* NewGuideViewController.swift in Sources */,
				D0964F8D1F9652150022CB7A /* DatabaseUtil.swift in Sources */,
				D040E54F1FA516010051D166 /* FollowingViewController.swift in Sources */,
				D0964F951F9696850022CB7A /* SelectedGuideViewController.swift in Sources */,
				D06641651F92768900258FB1 /* NewPostViewController.swift in Sources */,
				D078B5BE1F7C1A5F00A6F8C5 /* AppDelegate.swift in Sources */,
				D020E9E31F9E2918009E44BF /* ProductCell.swift in Sources */,
				D0E97AED1FA36DFC00292763 /* EditGuideViewController.swift in Sources */,
				D0E559511FA3E07000642FE6 /* UserCell.swift in Sources */,
				D03D40FC1F8FDCC7007ACE22 /* PostCell.swift in Sources */,
				D010E2711F9A61920042A031 /* HairTypeCell.swift in Sources */,
				D020E9E61F9E31E6009E44BF /* ProductsViewController.swift in Sources */,
			);
			runOnlyForDeploymentPostprocessing = 0;
		};
/* End PBXSourcesBuildPhase section */

/* Begin PBXVariantGroup section */
		D078B5C11F7C1A5F00A6F8C5 /* Main.storyboard */ = {
			isa = PBXVariantGroup;
			children = (
				D078B5C21F7C1A5F00A6F8C5 /* Base */,
			);
			name = Main.storyboard;
			sourceTree = "<group>";
		};
		D078B5C61F7C1A5F00A6F8C5 /* LaunchScreen.storyboard */ = {
			isa = PBXVariantGroup;
			children = (
				D078B5C71F7C1A5F00A6F8C5 /* Base */,
			);
			name = LaunchScreen.storyboard;
			sourceTree = "<group>";
		};
/* End PBXVariantGroup section */

/* Begin XCBuildConfiguration section */
		D078B5CA1F7C1A5F00A6F8C5 /* Debug */ = {
			isa = XCBuildConfiguration;
			buildSettings = {
				ALWAYS_SEARCH_USER_PATHS = NO;
				CLANG_ANALYZER_NONNULL = YES;
				CLANG_ANALYZER_NUMBER_OBJECT_CONVERSION = YES_AGGRESSIVE;
				CLANG_CXX_LANGUAGE_STANDARD = "gnu++14";
				CLANG_CXX_LIBRARY = "libc++";
				CLANG_ENABLE_MODULES = YES;
				CLANG_ENABLE_OBJC_ARC = YES;
				CLANG_WARN_BLOCK_CAPTURE_AUTORELEASING = YES;
				CLANG_WARN_BOOL_CONVERSION = YES;
				CLANG_WARN_COMMA = YES;
				CLANG_WARN_CONSTANT_CONVERSION = YES;
				CLANG_WARN_DIRECT_OBJC_ISA_USAGE = YES_ERROR;
				CLANG_WARN_DOCUMENTATION_COMMENTS = YES;
				CLANG_WARN_EMPTY_BODY = YES;
				CLANG_WARN_ENUM_CONVERSION = YES;
				CLANG_WARN_INFINITE_RECURSION = YES;
				CLANG_WARN_INT_CONVERSION = YES;
				CLANG_WARN_NON_LITERAL_NULL_CONVERSION = YES;
				CLANG_WARN_OBJC_LITERAL_CONVERSION = YES;
				CLANG_WARN_OBJC_ROOT_CLASS = YES_ERROR;
				CLANG_WARN_RANGE_LOOP_ANALYSIS = YES;
				CLANG_WARN_STRICT_PROTOTYPES = YES;
				CLANG_WARN_SUSPICIOUS_MOVE = YES;
				CLANG_WARN_UNGUARDED_AVAILABILITY = YES_AGGRESSIVE;
				CLANG_WARN_UNREACHABLE_CODE = YES;
				CLANG_WARN__DUPLICATE_METHOD_MATCH = YES;
				CODE_SIGN_IDENTITY = "iPhone Developer";
				COPY_PHASE_STRIP = NO;
				DEBUG_INFORMATION_FORMAT = dwarf;
				ENABLE_STRICT_OBJC_MSGSEND = YES;
				ENABLE_TESTABILITY = YES;
				GCC_C_LANGUAGE_STANDARD = gnu11;
				GCC_DYNAMIC_NO_PIC = NO;
				GCC_NO_COMMON_BLOCKS = YES;
				GCC_OPTIMIZATION_LEVEL = 0;
				GCC_PREPROCESSOR_DEFINITIONS = (
					"DEBUG=1",
					"$(inherited)",
				);
				GCC_WARN_64_TO_32_BIT_CONVERSION = YES;
				GCC_WARN_ABOUT_RETURN_TYPE = YES_ERROR;
				GCC_WARN_UNDECLARED_SELECTOR = YES;
				GCC_WARN_UNINITIALIZED_AUTOS = YES_AGGRESSIVE;
				GCC_WARN_UNUSED_FUNCTION = YES;
				GCC_WARN_UNUSED_VARIABLE = YES;
				IPHONEOS_DEPLOYMENT_TARGET = 11.0;
				MTL_ENABLE_DEBUG_INFO = YES;
				ONLY_ACTIVE_ARCH = YES;
				SDKROOT = iphoneos;
				SWIFT_ACTIVE_COMPILATION_CONDITIONS = DEBUG;
				SWIFT_OPTIMIZATION_LEVEL = "-Onone";
			};
			name = Debug;
		};
		D078B5CB1F7C1A5F00A6F8C5 /* Release */ = {
			isa = XCBuildConfiguration;
			buildSettings = {
				ALWAYS_SEARCH_USER_PATHS = NO;
				CLANG_ANALYZER_NONNULL = YES;
				CLANG_ANALYZER_NUMBER_OBJECT_CONVERSION = YES_AGGRESSIVE;
				CLANG_CXX_LANGUAGE_STANDARD = "gnu++14";
				CLANG_CXX_LIBRARY = "libc++";
				CLANG_ENABLE_MODULES = YES;
				CLANG_ENABLE_OBJC_ARC = YES;
				CLANG_WARN_BLOCK_CAPTURE_AUTORELEASING = YES;
				CLANG_WARN_BOOL_CONVERSION = YES;
				CLANG_WARN_COMMA = YES;
				CLANG_WARN_CONSTANT_CONVERSION = YES;
				CLANG_WARN_DIRECT_OBJC_ISA_USAGE = YES_ERROR;
				CLANG_WARN_DOCUMENTATION_COMMENTS = YES;
				CLANG_WARN_EMPTY_BODY = YES;
				CLANG_WARN_ENUM_CONVERSION = YES;
				CLANG_WARN_INFINITE_RECURSION = YES;
				CLANG_WARN_INT_CONVERSION = YES;
				CLANG_WARN_NON_LITERAL_NULL_CONVERSION = YES;
				CLANG_WARN_OBJC_LITERAL_CONVERSION = YES;
				CLANG_WARN_OBJC_ROOT_CLASS = YES_ERROR;
				CLANG_WARN_RANGE_LOOP_ANALYSIS = YES;
				CLANG_WARN_STRICT_PROTOTYPES = YES;
				CLANG_WARN_SUSPICIOUS_MOVE = YES;
				CLANG_WARN_UNGUARDED_AVAILABILITY = YES_AGGRESSIVE;
				CLANG_WARN_UNREACHABLE_CODE = YES;
				CLANG_WARN__DUPLICATE_METHOD_MATCH = YES;
				CODE_SIGN_IDENTITY = "iPhone Developer";
				COPY_PHASE_STRIP = NO;
				DEBUG_INFORMATION_FORMAT = "dwarf-with-dsym";
				ENABLE_NS_ASSERTIONS = NO;
				ENABLE_STRICT_OBJC_MSGSEND = YES;
				GCC_C_LANGUAGE_STANDARD = gnu11;
				GCC_NO_COMMON_BLOCKS = YES;
				GCC_WARN_64_TO_32_BIT_CONVERSION = YES;
				GCC_WARN_ABOUT_RETURN_TYPE = YES_ERROR;
				GCC_WARN_UNDECLARED_SELECTOR = YES;
				GCC_WARN_UNINITIALIZED_AUTOS = YES_AGGRESSIVE;
				GCC_WARN_UNUSED_FUNCTION = YES;
				GCC_WARN_UNUSED_VARIABLE = YES;
				IPHONEOS_DEPLOYMENT_TARGET = 11.0;
				MTL_ENABLE_DEBUG_INFO = NO;
				SDKROOT = iphoneos;
				SWIFT_OPTIMIZATION_LEVEL = "-Owholemodule";
				VALIDATE_PRODUCT = YES;
			};
			name = Release;
		};
		D078B5CD1F7C1A5F00A6F8C5 /* Debug */ = {
			isa = XCBuildConfiguration;
			baseConfigurationReference = 348F691C9077B0E0DDDED67B /* Pods-ColemanJustin_FinalProject.debug.xcconfig */;
			buildSettings = {
				ASSETCATALOG_COMPILER_APPICON_NAME = AppIcon;
				CODE_SIGN_STYLE = Automatic;
				DEVELOPMENT_TEAM = 246T637V2T;
				FRAMEWORK_SEARCH_PATHS = (
					"$(inherited)",
					"$(PROJECT_DIR)/Carthage/Build/iOS",
				);
				INFOPLIST_FILE = ColemanJustin_FinalProject/Info.plist;
				LD_RUNPATH_SEARCH_PATHS = "$(inherited) @executable_path/Frameworks";
				PRODUCT_BUNDLE_IDENTIFIER = "ColemanJustin.ColemanJustin-FinalProject";
				PRODUCT_NAME = "$(TARGET_NAME)";
				SWIFT_SWIFT3_OBJC_INFERENCE = On;
				SWIFT_VERSION = 3.0;
				TARGETED_DEVICE_FAMILY = 1;
			};
			name = Debug;
		};
		D078B5CE1F7C1A5F00A6F8C5 /* Release */ = {
			isa = XCBuildConfiguration;
			baseConfigurationReference = 0A297C7FD92E8AEBEFF56DB1 /* Pods-ColemanJustin_FinalProject.release.xcconfig */;
			buildSettings = {
				ASSETCATALOG_COMPILER_APPICON_NAME = AppIcon;
				CODE_SIGN_STYLE = Automatic;
				DEVELOPMENT_TEAM = 246T637V2T;
				FRAMEWORK_SEARCH_PATHS = (
					"$(inherited)",
					"$(PROJECT_DIR)/Carthage/Build/iOS",
				);
				INFOPLIST_FILE = ColemanJustin_FinalProject/Info.plist;
				LD_RUNPATH_SEARCH_PATHS = "$(inherited) @executable_path/Frameworks";
				PRODUCT_BUNDLE_IDENTIFIER = "ColemanJustin.ColemanJustin-FinalProject";
				PRODUCT_NAME = "$(TARGET_NAME)";
				SWIFT_SWIFT3_OBJC_INFERENCE = On;
				SWIFT_VERSION = 3.0;
				TARGETED_DEVICE_FAMILY = 1;
			};
			name = Release;
		};
/* End XCBuildConfiguration section */

/* Begin XCConfigurationList section */
		D078B5B51F7C1A5F00A6F8C5 /* Build configuration list for PBXProject "ColemanJustin_FinalProject" */ = {
			isa = XCConfigurationList;
			buildConfigurations = (
				D078B5CA1F7C1A5F00A6F8C5 /* Debug */,
				D078B5CB1F7C1A5F00A6F8C5 /* Release */,
			);
			defaultConfigurationIsVisible = 0;
			defaultConfigurationName = Release;
		};
		D078B5CC1F7C1A5F00A6F8C5 /* Build configuration list for PBXNativeTarget "ColemanJustin_FinalProject" */ = {
			isa = XCConfigurationList;
			buildConfigurations = (
				D078B5CD1F7C1A5F00A6F8C5 /* Debug */,
				D078B5CE1F7C1A5F00A6F8C5 /* Release */,
			);
			defaultConfigurationIsVisible = 0;
			defaultConfigurationName = Release;
		};
/* End XCConfigurationList section */
	};
	rootObject = D078B5B21F7C1A5F00A6F8C5 /* Project object */;
}
