// !$*UTF8*$!
{
	archiveVersion = 1;
	classes = {
	};
	objectVersion = 48;
	objects = {

/* Begin PBXBuildFile section */
		3A0596DFA66F8F5928BB5C6D /* Pods_ColemanJustin_FinalProject.framework in Frameworks */ = {isa = PBXBuildFile; fileRef = 7E6DE5ACE8D6560A9FF5F979 /* Pods_ColemanJustin_FinalProject.framework */; };
		D01BB59F1F8EECE000EBE6C6 /* LoginViewController.swift in Sources */ = {isa = PBXBuildFile; fileRef = D01BB59E1F8EECE000EBE6C6 /* LoginViewController.swift */; };
		D01BB5A11F8EFAB200EBE6C6 /* ValidationError.swift in Sources */ = {isa = PBXBuildFile; fileRef = D01BB5A01F8EFAB200EBE6C6 /* ValidationError.swift */; };
		D01BB5A41F8F0E1200EBE6C6 /* FeedViewController.swift in Sources */ = {isa = PBXBuildFile; fileRef = D01BB5A31F8F0E1200EBE6C6 /* FeedViewController.swift */; };
		D03D40EF1F8FB3C3007ACE22 /* NavigationViewController.swift in Sources */ = {isa = PBXBuildFile; fileRef = D03D40EE1F8FB3C3007ACE22 /* NavigationViewController.swift */; };
		D03D40F31F8FD249007ACE22 /* UserDefaultsUtil.swift in Sources */ = {isa = PBXBuildFile; fileRef = D03D40F21F8FD249007ACE22 /* UserDefaultsUtil.swift */; };
		D05AAD791F8E60CD00716C74 /* GoogleService-Info.plist in Resources */ = {isa = PBXBuildFile; fileRef = D05AAD781F8E60CD00716C74 /* GoogleService-Info.plist */; };
		D05AAD7C1F8E639C00716C74 /* AuthenticationViewController.swift in Sources */ = {isa = PBXBuildFile; fileRef = D05AAD7B1F8E639C00716C74 /* AuthenticationViewController.swift */; };
		D05AAD801F8E91CD00716C74 /* SignupViewController.swift in Sources */ = {isa = PBXBuildFile; fileRef = D05AAD7F1F8E91CD00716C74 /* SignupViewController.swift */; };
		D078B5BE1F7C1A5F00A6F8C5 /* AppDelegate.swift in Sources */ = {isa = PBXBuildFile; fileRef = D078B5BD1F7C1A5F00A6F8C5 /* AppDelegate.swift */; };
		D078B5C31F7C1A5F00A6F8C5 /* Main.storyboard in Resources */ = {isa = PBXBuildFile; fileRef = D078B5C11F7C1A5F00A6F8C5 /* Main.storyboard */; };
		D078B5C51F7C1A5F00A6F8C5 /* Assets.xcassets in Resources */ = {isa = PBXBuildFile; fileRef = D078B5C41F7C1A5F00A6F8C5 /* Assets.xcassets */; };
		D078B5C81F7C1A5F00A6F8C5 /* LaunchScreen.storyboard in Resources */ = {isa = PBXBuildFile; fileRef = D078B5C61F7C1A5F00A6F8C5 /* LaunchScreen.storyboard */; };
/* End PBXBuildFile section */

/* Begin PBXFileReference section */
		0A297C7FD92E8AEBEFF56DB1 /* Pods-ColemanJustin_FinalProject.release.xcconfig */ = {isa = PBXFileReference; includeInIndex = 1; lastKnownFileType = text.xcconfig; name = "Pods-ColemanJustin_FinalProject.release.xcconfig"; path = "Pods/Target Support Files/Pods-ColemanJustin_FinalProject/Pods-ColemanJustin_FinalProject.release.xcconfig"; sourceTree = "<group>"; };
		348F691C9077B0E0DDDED67B /* Pods-ColemanJustin_FinalProject.debug.xcconfig */ = {isa = PBXFileReference; includeInIndex = 1; lastKnownFileType = text.xcconfig; name = "Pods-ColemanJustin_FinalProject.debug.xcconfig"; path = "Pods/Target Support Files/Pods-ColemanJustin_FinalProject/Pods-ColemanJustin_FinalProject.debug.xcconfig"; sourceTree = "<group>"; };
		7E6DE5ACE8D6560A9FF5F979 /* Pods_ColemanJustin_FinalProject.framework */ = {isa = PBXFileReference; explicitFileType = wrapper.framework; includeInIndex = 0; path = Pods_ColemanJustin_FinalProject.framework; sourceTree = BUILT_PRODUCTS_DIR; };
		D01BB59E1F8EECE000EBE6C6 /* LoginViewController.swift */ = {isa = PBXFileReference; lastKnownFileType = sourcecode.swift; path = LoginViewController.swift; sourceTree = "<group>"; };
		D01BB5A01F8EFAB200EBE6C6 /* ValidationError.swift */ = {isa = PBXFileReference; lastKnownFileType = sourcecode.swift; path = ValidationError.swift; sourceTree = "<group>"; };
		D01BB5A31F8F0E1200EBE6C6 /* FeedViewController.swift */ = {isa = PBXFileReference; lastKnownFileType = sourcecode.swift; path = FeedViewController.swift; sourceTree = "<group>"; };
		D03D40EE1F8FB3C3007ACE22 /* NavigationViewController.swift */ = {isa = PBXFileReference; lastKnownFileType = sourcecode.swift; path = NavigationViewController.swift; sourceTree = "<group>"; };
		D03D40F21F8FD249007ACE22 /* UserDefaultsUtil.swift */ = {isa = PBXFileReference; lastKnownFileType = sourcecode.swift; path = UserDefaultsUtil.swift; sourceTree = "<group>"; };
		D05AAD781F8E60CD00716C74 /* GoogleService-Info.plist */ = {isa = PBXFileReference; fileEncoding = 4; lastKnownFileType = text.plist.xml; path = "GoogleService-Info.plist"; sourceTree = "<group>"; };
		D05AAD7B1F8E639C00716C74 /* AuthenticationViewController.swift */ = {isa = PBXFileReference; lastKnownFileType = sourcecode.swift; path = AuthenticationViewController.swift; sourceTree = "<group>"; };
		D05AAD7F1F8E91CD00716C74 /* SignupViewController.swift */ = {isa = PBXFileReference; lastKnownFileType = sourcecode.swift; path = SignupViewController.swift; sourceTree = "<group>"; };
		D078B5BA1F7C1A5F00A6F8C5 /* ColemanJustin_FinalProject.app */ = {isa = PBXFileReference; explicitFileType = wrapper.application; includeInIndex = 0; path = ColemanJustin_FinalProject.app; sourceTree = BUILT_PRODUCTS_DIR; };
		D078B5BD1F7C1A5F00A6F8C5 /* AppDelegate.swift */ = {isa = PBXFileReference; lastKnownFileType = sourcecode.swift; path = AppDelegate.swift; sourceTree = "<group>"; };
		D078B5C21F7C1A5F00A6F8C5 /* Base */ = {isa = PBXFileReference; lastKnownFileType = file.storyboard; name = Base; path = Base.lproj/Main.storyboard; sourceTree = "<group>"; };
		D078B5C41F7C1A5F00A6F8C5 /* Assets.xcassets */ = {isa = PBXFileReference; lastKnownFileType = folder.assetcatalog; path = Assets.xcassets; sourceTree = "<group>"; };
		D078B5C71F7C1A5F00A6F8C5 /* Base */ = {isa = PBXFileReference; lastKnownFileType = file.storyboard; name = Base; path = Base.lproj/LaunchScreen.storyboard; sourceTree = "<group>"; };
		D078B5C91F7C1A5F00A6F8C5 /* Info.plist */ = {isa = PBXFileReference; lastKnownFileType = text.plist.xml; path = Info.plist; sourceTree = "<group>"; };
/* End PBXFileReference section */

/* Begin PBXFrameworksBuildPhase section */
		D078B5B71F7C1A5F00A6F8C5 /* Frameworks */ = {
			isa = PBXFrameworksBuildPhase;
			buildActionMask = 2147483647;
			files = (
				3A0596DFA66F8F5928BB5C6D /* Pods_ColemanJustin_FinalProject.framework in Frameworks */,
			);
			runOnlyForDeploymentPostprocessing = 0;
		};
/* End PBXFrameworksBuildPhase section */

/* Begin PBXGroup section */
		1EB5D59F2FE2E0ADF1588872 /* Pods */ = {
			isa = PBXGroup;
			children = (
				348F691C9077B0E0DDDED67B /* Pods-ColemanJustin_FinalProject.debug.xcconfig */,
				0A297C7FD92E8AEBEFF56DB1 /* Pods-ColemanJustin_FinalProject.release.xcconfig */,
			);
			name = Pods;
			sourceTree = "<group>";
		};
		D006D4DA1F8BC9AA00BAFD24 /* Onboarding */ = {
			isa = PBXGroup;
			children = (
			);
			path = Onboarding;
			sourceTree = "<group>";
		};
		D006D4DB1F8BC9B600BAFD24 /* Main */ = {
			isa = PBXGroup;
			children = (
				D01BB5A21F8F0D3800EBE6C6 /* Feed */,
				D05AAD7A1F8E630100716C74 /* Authentication */,
				D0FFAAB81F8D2E64005E11BE /* Guides */,
			);
			path = Main;
			sourceTree = "<group>";
		};
		D006D4DC1F8BCA8900BAFD24 /* Uitls */ = {
			isa = PBXGroup;
			children = (
				D03D40F21F8FD249007ACE22 /* UserDefaultsUtil.swift */,
			);
			name = Uitls;
			path = Main;
			sourceTree = "<group>";
		};
		D01BB5A21F8F0D3800EBE6C6 /* Feed */ = {
			isa = PBXGroup;
			children = (
				D01BB5A31F8F0E1200EBE6C6 /* FeedViewController.swift */,
			);
			path = Feed;
			sourceTree = "<group>";
		};
		D03D40ED1F8FB3A3007ACE22 /* Navigation */ = {
			isa = PBXGroup;
			children = (
				D03D40EE1F8FB3C3007ACE22 /* NavigationViewController.swift */,
			);
			path = Navigation;
			sourceTree = "<group>";
		};
		D05AAD7A1F8E630100716C74 /* Authentication */ = {
			isa = PBXGroup;
			children = (
				D05AAD7B1F8E639C00716C74 /* AuthenticationViewController.swift */,
				D05AAD7F1F8E91CD00716C74 /* SignupViewController.swift */,
				D01BB59E1F8EECE000EBE6C6 /* LoginViewController.swift */,
				D01BB5A01F8EFAB200EBE6C6 /* ValidationError.swift */,
			);
			path = Authentication;
			sourceTree = "<group>";
		};
		D078B5B11F7C1A5F00A6F8C5 = {
			isa = PBXGroup;
			children = (
				D078B5BC1F7C1A5F00A6F8C5 /* ColemanJustin_FinalProject */,
				D078B5BB1F7C1A5F00A6F8C5 /* Products */,
				1EB5D59F2FE2E0ADF1588872 /* Pods */,
				F395B42B686BE62C7D677EDB /* Frameworks */,
			);
			sourceTree = "<group>";
		};
		D078B5BB1F7C1A5F00A6F8C5 /* Products */ = {
			isa = PBXGroup;
			children = (
				D078B5BA1F7C1A5F00A6F8C5 /* ColemanJustin_FinalProject.app */,
			);
			name = Products;
			sourceTree = "<group>";
		};
		D078B5BC1F7C1A5F00A6F8C5 /* ColemanJustin_FinalProject */ = {
			isa = PBXGroup;
			children = (
				D078B5BD1F7C1A5F00A6F8C5 /* AppDelegate.swift */,
				D03D40ED1F8FB3A3007ACE22 /* Navigation */,
				D006D4DA1F8BC9AA00BAFD24 /* Onboarding */,
				D006D4DB1F8BC9B600BAFD24 /* Main */,
				D006D4DC1F8BCA8900BAFD24 /* Uitls */,
				D078B5C11F7C1A5F00A6F8C5 /* Main.storyboard */,
				D078B5C41F7C1A5F00A6F8C5 /* Assets.xcassets */,
				D078B5C61F7C1A5F00A6F8C5 /* LaunchScreen.storyboard */,
				D078B5C91F7C1A5F00A6F8C5 /* Info.plist */,
				D05AAD781F8E60CD00716C74 /* GoogleService-Info.plist */,
			);
			path = ColemanJustin_FinalProject;
			sourceTree = "<group>";
		};
		D0FFAAAD1F8D2569005E11BE /* Cells */ = {
			isa = PBXGroup;
			children = (
			);
			path = Cells;
			sourceTree = "<group>";
		};
		D0FFAAB81F8D2E64005E11BE /* Guides */ = {
			isa = PBXGroup;
			children = (
				D0FFAAAD1F8D2569005E11BE /* Cells */,
			);
			path = Guides;
			sourceTree = "<group>";
		};
		F395B42B686BE62C7D677EDB /* Frameworks */ = {
			isa = PBXGroup;
			children = (
				7E6DE5ACE8D6560A9FF5F979 /* Pods_ColemanJustin_FinalProject.framework */,
			);
			name = Frameworks;
			sourceTree = "<group>";
		};
/* End PBXGroup section */

/* Begin PBXNativeTarget section */
		D078B5B91F7C1A5F00A6F8C5 /* ColemanJustin_FinalProject */ = {
			isa = PBXNativeTarget;
			buildConfigurationList = D078B5CC1F7C1A5F00A6F8C5 /* Build configuration list for PBXNativeTarget "ColemanJustin_FinalProject" */;
			buildPhases = (
				91990A0BA8BD7F7800B3A643 /* [CP] Check Pods Manifest.lock */,
				D078B5B61F7C1A5F00A6F8C5 /* Sources */,
				D078B5B71F7C1A5F00A6F8C5 /* Frameworks */,
				D078B5B81F7C1A5F00A6F8C5 /* Resources */,
				A451100A01E4576D9A5A5DA7 /* [CP] Embed Pods Frameworks */,
				5B2A458364777DE2E5C84219 /* [CP] Copy Pods Resources */,
			);
			buildRules = (
			);
			dependencies = (
			);
			name = ColemanJustin_FinalProject;
			productName = ColemanJustin_FinalProject;
			productReference = D078B5BA1F7C1A5F00A6F8C5 /* ColemanJustin_FinalProject.app */;
			productType = "com.apple.product-type.application";
		};
/* End PBXNativeTarget section */

/* Begin PBXProject section */
		D078B5B21F7C1A5F00A6F8C5 /* Project object */ = {
			isa = PBXProject;
			attributes = {
				LastSwiftUpdateCheck = 0900;
				LastUpgradeCheck = 0900;
				ORGANIZATIONNAME = "Justin Coleman";
				TargetAttributes = {
					D078B5B91F7C1A5F00A6F8C5 = {
						CreatedOnToolsVersion = 9.0;
						ProvisioningStyle = Automatic;
					};
				};
			};
			buildConfigurationList = D078B5B51F7C1A5F00A6F8C5 /* Build configuration list for PBXProject "ColemanJustin_FinalProject" */;
			compatibilityVersion = "Xcode 8.0";
			developmentRegion = en;
			hasScannedForEncodings = 0;
			knownRegions = (
				en,
				Base,
			);
			mainGroup = D078B5B11F7C1A5F00A6F8C5;
			productRefGroup = D078B5BB1F7C1A5F00A6F8C5 /* Products */;
			projectDirPath = "";
			projectRoot = "";
			targets = (
				D078B5B91F7C1A5F00A6F8C5 /* ColemanJustin_FinalProject */,
			);
		};
/* End PBXProject section */

/* Begin PBXResourcesBuildPhase section */
		D078B5B81F7C1A5F00A6F8C5 /* Resources */ = {
			isa = PBXResourcesBuildPhase;
			buildActionMask = 2147483647;
			files = (
				D078B5C81F7C1A5F00A6F8C5 /* LaunchScreen.storyboard in Resources */,
				D078B5C51F7C1A5F00A6F8C5 /* Assets.xcassets in Resources */,
				D05AAD791F8E60CD00716C74 /* GoogleService-Info.plist in Resources */,
				D078B5C31F7C1A5F00A6F8C5 /* Main.storyboard in Resources */,
			);
			runOnlyForDeploymentPostprocessing = 0;
		};
/* End PBXResourcesBuildPhase section */

/* Begin PBXShellScriptBuildPhase section */
		5B2A458364777DE2E5C84219 /* [CP] Copy Pods Resources */ = {
			isa = PBXShellScriptBuildPhase;
			buildActionMask = 2147483647;
			files = (
			);
			inputPaths = (
			);
			name = "[CP] Copy Pods Resources";
			outputPaths = (
			);
			runOnlyForDeploymentPostprocessing = 0;
			shellPath = /bin/sh;
			shellScript = "\"${SRCROOT}/Pods/Target Support Files/Pods-ColemanJustin_FinalProject/Pods-ColemanJustin_FinalProject-resources.sh\"\n";
			showEnvVarsInLog = 0;
		};
		91990A0BA8BD7F7800B3A643 /* [CP] Check Pods Manifest.lock */ = {
			isa = PBXShellScriptBuildPhase;
			buildActionMask = 2147483647;
			files = (
			);
			inputPaths = (
			);
			name = "[CP] Check Pods Manifest.lock";
			outputPaths = (
			);
			runOnlyForDeploymentPostprocessing = 0;
			shellPath = /bin/sh;
			shellScript = "diff \"${PODS_ROOT}/../Podfile.lock\" \"${PODS_ROOT}/Manifest.lock\" > /dev/null\nif [ $? != 0 ] ; then\n    # print error to STDERR\n    echo \"error: The sandbox is not in sync with the Podfile.lock. Run 'pod install' or update your CocoaPods installation.\" >&2\n    exit 1\nfi\n";
			showEnvVarsInLog = 0;
		};
		A451100A01E4576D9A5A5DA7 /* [CP] Embed Pods Frameworks */ = {
			isa = PBXShellScriptBuildPhase;
			buildActionMask = 2147483647;
			files = (
			);
			inputPaths = (
			);
			name = "[CP] Embed Pods Frameworks";
			outputPaths = (
			);
			runOnlyForDeploymentPostprocessing = 0;
			shellPath = /bin/sh;
			shellScript = "\"${SRCROOT}/Pods/Target Support Files/Pods-ColemanJustin_FinalProject/Pods-ColemanJustin_FinalProject-frameworks.sh\"\n";
			showEnvVarsInLog = 0;
		};
/* End PBXShellScriptBuildPhase section */

/* Begin PBXSourcesBuildPhase section */
		D078B5B61F7C1A5F00A6F8C5 /* Sources */ = {
			isa = PBXSourcesBuildPhase;
			buildActionMask = 2147483647;
			files = (
				D01BB59F1F8EECE000EBE6C6 /* LoginViewController.swift in Sources */,
				D01BB5A11F8EFAB200EBE6C6 /* ValidationError.swift in Sources */,
				D05AAD801F8E91CD00716C74 /* SignupViewController.swift in Sources */,
				D05AAD7C1F8E639C00716C74 /* AuthenticationViewController.swift in Sources */,
				D01BB5A41F8F0E1200EBE6C6 /* FeedViewController.swift in Sources */,
				D03D40EF1F8FB3C3007ACE22 /* NavigationViewController.swift in Sources */,
				D03D40F31F8FD249007ACE22 /* UserDefaultsUtil.swift in Sources */,
				D078B5BE1F7C1A5F00A6F8C5 /* AppDelegate.swift in Sources */,
			);
			runOnlyForDeploymentPostprocessing = 0;
		};
/* End PBXSourcesBuildPhase section */

/* Begin PBXVariantGroup section */
		D078B5C11F7C1A5F00A6F8C5 /* Main.storyboard */ = {
			isa = PBXVariantGroup;
			children = (
				D078B5C21F7C1A5F00A6F8C5 /* Base */,
			);
			name = Main.storyboard;
			sourceTree = "<group>";
		};
		D078B5C61F7C1A5F00A6F8C5 /* LaunchScreen.storyboard */ = {
			isa = PBXVariantGroup;
			children = (
				D078B5C71F7C1A5F00A6F8C5 /* Base */,
			);
			name = LaunchScreen.storyboard;
			sourceTree = "<group>";
		};
/* End PBXVariantGroup section */

/* Begin XCBuildConfiguration section */
		D078B5CA1F7C1A5F00A6F8C5 /* Debug */ = {
			isa = XCBuildConfiguration;
			buildSettings = {
				ALWAYS_SEARCH_USER_PATHS = NO;
				CLANG_ANALYZER_NONNULL = YES;
				CLANG_ANALYZER_NUMBER_OBJECT_CONVERSION = YES_AGGRESSIVE;
				CLANG_CXX_LANGUAGE_STANDARD = "gnu++14";
				CLANG_CXX_LIBRARY = "libc++";
				CLANG_ENABLE_MODULES = YES;
				CLANG_ENABLE_OBJC_ARC = YES;
				CLANG_WARN_BLOCK_CAPTURE_AUTORELEASING = YES;
				CLANG_WARN_BOOL_CONVERSION = YES;
				CLANG_WARN_COMMA = YES;
				CLANG_WARN_CONSTANT_CONVERSION = YES;
				CLANG_WARN_DIRECT_OBJC_ISA_USAGE = YES_ERROR;
				CLANG_WARN_DOCUMENTATION_COMMENTS = YES;
				CLANG_WARN_EMPTY_BODY = YES;
				CLANG_WARN_ENUM_CONVERSION = YES;
				CLANG_WARN_INFINITE_RECURSION = YES;
				CLANG_WARN_INT_CONVERSION = YES;
				CLANG_WARN_NON_LITERAL_NULL_CONVERSION = YES;
				CLANG_WARN_OBJC_LITERAL_CONVERSION = YES;
				CLANG_WARN_OBJC_ROOT_CLASS = YES_ERROR;
				CLANG_WARN_RANGE_LOOP_ANALYSIS = YES;
				CLANG_WARN_STRICT_PROTOTYPES = YES;
				CLANG_WARN_SUSPICIOUS_MOVE = YES;
				CLANG_WARN_UNGUARDED_AVAILABILITY = YES_AGGRESSIVE;
				CLANG_WARN_UNREACHABLE_CODE = YES;
				CLANG_WARN__DUPLICATE_METHOD_MATCH = YES;
				CODE_SIGN_IDENTITY = "iPhone Developer";
				COPY_PHASE_STRIP = NO;
				DEBUG_INFORMATION_FORMAT = dwarf;
				ENABLE_STRICT_OBJC_MSGSEND = YES;
				ENABLE_TESTABILITY = YES;
				GCC_C_LANGUAGE_STANDARD = gnu11;
				GCC_DYNAMIC_NO_PIC = NO;
				GCC_NO_COMMON_BLOCKS = YES;
				GCC_OPTIMIZATION_LEVEL = 0;
				GCC_PREPROCESSOR_DEFINITIONS = (
					"DEBUG=1",
					"$(inherited)",
				);
				GCC_WARN_64_TO_32_BIT_CONVERSION = YES;
				GCC_WARN_ABOUT_RETURN_TYPE = YES_ERROR;
				GCC_WARN_UNDECLARED_SELECTOR = YES;
				GCC_WARN_UNINITIALIZED_AUTOS = YES_AGGRESSIVE;
				GCC_WARN_UNUSED_FUNCTION = YES;
				GCC_WARN_UNUSED_VARIABLE = YES;
				IPHONEOS_DEPLOYMENT_TARGET = 11.0;
				MTL_ENABLE_DEBUG_INFO = YES;
				ONLY_ACTIVE_ARCH = YES;
				SDKROOT = iphoneos;
				SWIFT_ACTIVE_COMPILATION_CONDITIONS = DEBUG;
				SWIFT_OPTIMIZATION_LEVEL = "-Onone";
			};
			name = Debug;
		};
		D078B5CB1F7C1A5F00A6F8C5 /* Release */ = {
			isa = XCBuildConfiguration;
			buildSettings = {
				ALWAYS_SEARCH_USER_PATHS = NO;
				CLANG_ANALYZER_NONNULL = YES;
				CLANG_ANALYZER_NUMBER_OBJECT_CONVERSION = YES_AGGRESSIVE;
				CLANG_CXX_LANGUAGE_STANDARD = "gnu++14";
				CLANG_CXX_LIBRARY = "libc++";
				CLANG_ENABLE_MODULES = YES;
				CLANG_ENABLE_OBJC_ARC = YES;
				CLANG_WARN_BLOCK_CAPTURE_AUTORELEASING = YES;
				CLANG_WARN_BOOL_CONVERSION = YES;
				CLANG_WARN_COMMA = YES;
				CLANG_WARN_CONSTANT_CONVERSION = YES;
				CLANG_WARN_DIRECT_OBJC_ISA_USAGE = YES_ERROR;
				CLANG_WARN_DOCUMENTATION_COMMENTS = YES;
				CLANG_WARN_EMPTY_BODY = YES;
				CLANG_WARN_ENUM_CONVERSION = YES;
				CLANG_WARN_INFINITE_RECURSION = YES;
				CLANG_WARN_INT_CONVERSION = YES;
				CLANG_WARN_NON_LITERAL_NULL_CONVERSION = YES;
				CLANG_WARN_OBJC_LITERAL_CONVERSION = YES;
				CLANG_WARN_OBJC_ROOT_CLASS = YES_ERROR;
				CLANG_WARN_RANGE_LOOP_ANALYSIS = YES;
				CLANG_WARN_STRICT_PROTOTYPES = YES;
				CLANG_WARN_SUSPICIOUS_MOVE = YES;
				CLANG_WARN_UNGUARDED_AVAILABILITY = YES_AGGRESSIVE;
				CLANG_WARN_UNREACHABLE_CODE = YES;
				CLANG_WARN__DUPLICATE_METHOD_MATCH = YES;
				CODE_SIGN_IDENTITY = "iPhone Developer";
				COPY_PHASE_STRIP = NO;
				DEBUG_INFORMATION_FORMAT = "dwarf-with-dsym";
				ENABLE_NS_ASSERTIONS = NO;
				ENABLE_STRICT_OBJC_MSGSEND = YES;
				GCC_C_LANGUAGE_STANDARD = gnu11;
				GCC_NO_COMMON_BLOCKS = YES;
				GCC_WARN_64_TO_32_BIT_CONVERSION = YES;
				GCC_WARN_ABOUT_RETURN_TYPE = YES_ERROR;
				GCC_WARN_UNDECLARED_SELECTOR = YES;
				GCC_WARN_UNINITIALIZED_AUTOS = YES_AGGRESSIVE;
				GCC_WARN_UNUSED_FUNCTION = YES;
				GCC_WARN_UNUSED_VARIABLE = YES;
				IPHONEOS_DEPLOYMENT_TARGET = 11.0;
				MTL_ENABLE_DEBUG_INFO = NO;
				SDKROOT = iphoneos;
				SWIFT_OPTIMIZATION_LEVEL = "-Owholemodule";
				VALIDATE_PRODUCT = YES;
			};
			name = Release;
		};
		D078B5CD1F7C1A5F00A6F8C5 /* Debug */ = {
			isa = XCBuildConfiguration;
			baseConfigurationReference = 348F691C9077B0E0DDDED67B /* Pods-ColemanJustin_FinalProject.debug.xcconfig */;
			buildSettings = {
				ASSETCATALOG_COMPILER_APPICON_NAME = AppIcon;
				CODE_SIGN_STYLE = Automatic;
				INFOPLIST_FILE = ColemanJustin_FinalProject/Info.plist;
				LD_RUNPATH_SEARCH_PATHS = "$(inherited) @executable_path/Frameworks";
				PRODUCT_BUNDLE_IDENTIFIER = "ColemanJustin.ColemanJustin-FinalProject";
				PRODUCT_NAME = "$(TARGET_NAME)";
				SWIFT_VERSION = 3.0;
				TARGETED_DEVICE_FAMILY = "1,2";
			};
			name = Debug;
		};
		D078B5CE1F7C1A5F00A6F8C5 /* Release */ = {
			isa = XCBuildConfiguration;
			baseConfigurationReference = 0A297C7FD92E8AEBEFF56DB1 /* Pods-ColemanJustin_FinalProject.release.xcconfig */;
			buildSettings = {
				ASSETCATALOG_COMPILER_APPICON_NAME = AppIcon;
				CODE_SIGN_STYLE = Automatic;
				INFOPLIST_FILE = ColemanJustin_FinalProject/Info.plist;
				LD_RUNPATH_SEARCH_PATHS = "$(inherited) @executable_path/Frameworks";
				PRODUCT_BUNDLE_IDENTIFIER = "ColemanJustin.ColemanJustin-FinalProject";
				PRODUCT_NAME = "$(TARGET_NAME)";
				SWIFT_VERSION = 3.0;
				TARGETED_DEVICE_FAMILY = "1,2";
			};
			name = Release;
		};
/* End XCBuildConfiguration section */

/* Begin XCConfigurationList section */
		D078B5B51F7C1A5F00A6F8C5 /* Build configuration list for PBXProject "ColemanJustin_FinalProject" */ = {
			isa = XCConfigurationList;
			buildConfigurations = (
				D078B5CA1F7C1A5F00A6F8C5 /* Debug */,
				D078B5CB1F7C1A5F00A6F8C5 /* Release */,
			);
			defaultConfigurationIsVisible = 0;
			defaultConfigurationName = Release;
		};
		D078B5CC1F7C1A5F00A6F8C5 /* Build configuration list for PBXNativeTarget "ColemanJustin_FinalProject" */ = {
			isa = XCConfigurationList;
			buildConfigurations = (
				D078B5CD1F7C1A5F00A6F8C5 /* Debug */,
				D078B5CE1F7C1A5F00A6F8C5 /* Release */,
			);
			defaultConfigurationIsVisible = 0;
			defaultConfigurationName = Release;
		};
/* End XCConfigurationList section */
	};
	rootObject = D078B5B21F7C1A5F00A6F8C5 /* Project object */;
}
